
Microsoft Visual Studio Solution File, Format Version 12.00
# Visual Studio Version 17
VisualStudioVersion = 17.4.33205.214
MinimumVisualStudioVersion = 10.0.40219.1
Project("{2150E333-8FDC-42A3-9474-1A3956D46DE8}") = "솔루션 항목", "솔루션 항목", "{B88CB2C8-412F-4ED7-9718-095A834FDFF3}"
	ProjectSection(SolutionItems) = preProject
		.editorconfig = .editorconfig
		.gitattributes = .gitattributes
		.gitignore = .gitignore
		README.md = README.md
	EndProjectSection
EndProject
Project("{2150E333-8FDC-42A3-9474-1A3956D46DE8}") = "0. Engine", "0. Engine", "{5D6E3B5F-D33A-41F9-BD8D-E0D1A977D472}"
EndProject
Project("{2150E333-8FDC-42A3-9474-1A3956D46DE8}") = "1. HLSL", "1. HLSL", "{BCBC18FF-9369-4532-85F9-865FD0981208}"
	ProjectSection(SolutionItems) = preProject
		CopyList_HLSL_Header.txt = CopyList_HLSL_Header.txt
		Copy_HLSL.bat = Copy_HLSL.bat
	EndProjectSection
EndProject
Project("{2150E333-8FDC-42A3-9474-1A3956D46DE8}") = "4. Client", "4. Client", "{86A74A44-51C7-4F3C-A9FD-6C7731C85137}"
	ProjectSection(SolutionItems) = preProject
		Copy_DLL.bat = Copy_DLL.bat
	EndProjectSection
EndProject
Project("{8BC9CEB8-8B4A-11D0-8D11-00A0C91BC942}") = "HLSL", "Project\HLSL\HLSL.vcxproj", "{6506E24E-66AF-4456-8D09-2434B560039F}"
	ProjectSection(ProjectDependencies) = postProject
		{6DAFA788-499E-4B34-98EC-F4075A483B9E} = {6DAFA788-499E-4B34-98EC-F4075A483B9E}
	EndProjectSection
EndProject
Project("{8BC9CEB8-8B4A-11D0-8D11-00A0C91BC942}") = "Client", "Project\Client\Client.vcxproj", "{2FA04AC7-6017-43CF-90F2-767289B68C11}"
	ProjectSection(ProjectDependencies) = postProject
		{6506E24E-66AF-4456-8D09-2434B560039F} = {6506E24E-66AF-4456-8D09-2434B560039F}
		{6DAFA788-499E-4B34-98EC-F4075A483B9E} = {6DAFA788-499E-4B34-98EC-F4075A483B9E}
		{9CE7BE93-D84F-425E-9A1A-B500EAC0E517} = {9CE7BE93-D84F-425E-9A1A-B500EAC0E517}
	EndProjectSection
EndProject
Project("{8BC9CEB8-8B4A-11D0-8D11-00A0C91BC942}") = "Engine", "Project\Engine\Engine.vcxproj", "{6DAFA788-499E-4B34-98EC-F4075A483B9E}"
EndProject
Project("{2150E333-8FDC-42A3-9474-1A3956D46DE8}") = "3. Contents", "3. Contents", "{7250CFD8-07A2-4898-B65B-BDDD910D042B}"
EndProject
Project("{8BC9CEB8-8B4A-11D0-8D11-00A0C91BC942}") = "Contents", "Project\Contents\Contents.vcxproj", "{9CE7BE93-D84F-425E-9A1A-B500EAC0E517}"
	ProjectSection(ProjectDependencies) = postProject
		{6506E24E-66AF-4456-8D09-2434B560039F} = {6506E24E-66AF-4456-8D09-2434B560039F}
		{6DAFA788-499E-4B34-98EC-F4075A483B9E} = {6DAFA788-499E-4B34-98EC-F4075A483B9E}
		{9AEDA5B3-B43F-455A-A407-1887680E4866} = {9AEDA5B3-B43F-455A-A407-1887680E4866}
	EndProjectSection
EndProject
Project("{8BC9CEB8-8B4A-11D0-8D11-00A0C91BC942}") = "CodeGenerator", "Project\CodeGenerator\CodeGenerator.vcxproj", "{9AEDA5B3-B43F-455A-A407-1887680E4866}"
EndProject
Project("{2150E333-8FDC-42A3-9474-1A3956D46DE8}") = "2. CodeGenerator", "2. CodeGenerator", "{839B9D89-4922-40DE-9661-6FC1CCDEE487}"
EndProject
Global
	GlobalSection(SolutionConfigurationPlatforms) = preSolution
		Debug|x64 = Debug|x64
		Debug|x86 = Debug|x86
		Release|x64 = Release|x64
		Release|x86 = Release|x86
	EndGlobalSection
	GlobalSection(ProjectConfigurationPlatforms) = postSolution
		{6506E24E-66AF-4456-8D09-2434B560039F}.Debug|x64.ActiveCfg = Debug|x64
		{6506E24E-66AF-4456-8D09-2434B560039F}.Debug|x64.Build.0 = Debug|x64
		{6506E24E-66AF-4456-8D09-2434B560039F}.Debug|x86.ActiveCfg = Debug|Win32
		{6506E24E-66AF-4456-8D09-2434B560039F}.Debug|x86.Build.0 = Debug|Win32
		{6506E24E-66AF-4456-8D09-2434B560039F}.Release|x64.ActiveCfg = Release|x64
		{6506E24E-66AF-4456-8D09-2434B560039F}.Release|x64.Build.0 = Release|x64
		{6506E24E-66AF-4456-8D09-2434B560039F}.Release|x86.ActiveCfg = Release|Win32
		{6506E24E-66AF-4456-8D09-2434B560039F}.Release|x86.Build.0 = Release|Win32
		{2FA04AC7-6017-43CF-90F2-767289B68C11}.Debug|x64.ActiveCfg = Debug|x64
		{2FA04AC7-6017-43CF-90F2-767289B68C11}.Debug|x64.Build.0 = Debug|x64
		{2FA04AC7-6017-43CF-90F2-767289B68C11}.Debug|x86.ActiveCfg = Debug|Win32
		{2FA04AC7-6017-43CF-90F2-767289B68C11}.Debug|x86.Build.0 = Debug|Win32
		{2FA04AC7-6017-43CF-90F2-767289B68C11}.Release|x64.ActiveCfg = Release|x64
		{2FA04AC7-6017-43CF-90F2-767289B68C11}.Release|x64.Build.0 = Release|x64
		{2FA04AC7-6017-43CF-90F2-767289B68C11}.Release|x86.ActiveCfg = Release|Win32
		{2FA04AC7-6017-43CF-90F2-767289B68C11}.Release|x86.Build.0 = Release|Win32
		{6DAFA788-499E-4B34-98EC-F4075A483B9E}.Debug|x64.ActiveCfg = Debug|x64
		{6DAFA788-499E-4B34-98EC-F4075A483B9E}.Debug|x64.Build.0 = Debug|x64
		{6DAFA788-499E-4B34-98EC-F4075A483B9E}.Debug|x86.ActiveCfg = Debug|Win32
		{6DAFA788-499E-4B34-98EC-F4075A483B9E}.Debug|x86.Build.0 = Debug|Win32
		{6DAFA788-499E-4B34-98EC-F4075A483B9E}.Release|x64.ActiveCfg = Release|x64
		{6DAFA788-499E-4B34-98EC-F4075A483B9E}.Release|x64.Build.0 = Release|x64
		{6DAFA788-499E-4B34-98EC-F4075A483B9E}.Release|x86.ActiveCfg = Release|Win32
		{6DAFA788-499E-4B34-98EC-F4075A483B9E}.Release|x86.Build.0 = Release|Win32
		{9CE7BE93-D84F-425E-9A1A-B500EAC0E517}.Debug|x64.ActiveCfg = Debug|x64
		{9CE7BE93-D84F-425E-9A1A-B500EAC0E517}.Debug|x64.Build.0 = Debug|x64
		{9CE7BE93-D84F-425E-9A1A-B500EAC0E517}.Debug|x86.ActiveCfg = Debug|Win32
		{9CE7BE93-D84F-425E-9A1A-B500EAC0E517}.Debug|x86.Build.0 = Debug|Win32
		{9CE7BE93-D84F-425E-9A1A-B500EAC0E517}.Release|x64.ActiveCfg = Release|x64
		{9CE7BE93-D84F-425E-9A1A-B500EAC0E517}.Release|x64.Build.0 = Release|x64
		{9CE7BE93-D84F-425E-9A1A-B500EAC0E517}.Release|x86.ActiveCfg = Release|Win32
		{9CE7BE93-D84F-425E-9A1A-B500EAC0E517}.Release|x86.Build.0 = Release|Win32
		{9AEDA5B3-B43F-455A-A407-1887680E4866}.Debug|x64.ActiveCfg = Debug|x64
		{9AEDA5B3-B43F-455A-A407-1887680E4866}.Debug|x64.Build.0 = Debug|x64
		{9AEDA5B3-B43F-455A-A407-1887680E4866}.Debug|x86.ActiveCfg = Debug|Win32
		{9AEDA5B3-B43F-455A-A407-1887680E4866}.Debug|x86.Build.0 = Debug|Win32
		{9AEDA5B3-B43F-455A-A407-1887680E4866}.Release|x64.ActiveCfg = Release|x64
		{9AEDA5B3-B43F-455A-A407-1887680E4866}.Release|x64.Build.0 = Release|x64
		{9AEDA5B3-B43F-455A-A407-1887680E4866}.Release|x86.ActiveCfg = Release|Win32
		{9AEDA5B3-B43F-455A-A407-1887680E4866}.Release|x86.Build.0 = Release|Win32
	EndGlobalSection
	GlobalSection(SolutionProperties) = preSolution
		HideSolutionNode = FALSE
	EndGlobalSection
	GlobalSection(NestedProjects) = preSolution
		{6506E24E-66AF-4456-8D09-2434B560039F} = {BCBC18FF-9369-4532-85F9-865FD0981208}
		{2FA04AC7-6017-43CF-90F2-767289B68C11} = {86A74A44-51C7-4F3C-A9FD-6C7731C85137}
		{6DAFA788-499E-4B34-98EC-F4075A483B9E} = {5D6E3B5F-D33A-41F9-BD8D-E0D1A977D472}
		{9CE7BE93-D84F-425E-9A1A-B500EAC0E517} = {7250CFD8-07A2-4898-B65B-BDDD910D042B}
		{9AEDA5B3-B43F-455A-A407-1887680E4866} = {839B9D89-4922-40DE-9661-6FC1CCDEE487}
	EndGlobalSection
	GlobalSection(ExtensibilityGlobals) = postSolution
		SolutionGuid = {4E52D4D5-2BDB-4E9F-A410-9F851776CFDC}
	EndGlobalSection
EndGlobal
