
Microsoft Visual Studio Solution File, Format Version 12.00
# Visual Studio Version 17
VisualStudioVersion = 17.4.33205.214
MinimumVisualStudioVersion = 10.0.40219.1
Project("{2150E333-8FDC-42A3-9474-1A3956D46DE8}") = "솔루션 항목", "솔루션 항목", "{B88CB2C8-412F-4ED7-9718-095A834FDFF3}"
	ProjectSection(SolutionItems) = preProject
		.editorconfig = .editorconfig
		.gitattributes = .gitattributes
		.gitignore = .gitignore
		README.md = README.md
	EndProjectSection
EndProject
Project("{2150E333-8FDC-42A3-9474-1A3956D46DE8}") = "0. Engine", "0. Engine", "{5D6E3B5F-D33A-41F9-BD8D-E0D1A977D472}"
EndProject
Project("{2150E333-8FDC-42A3-9474-1A3956D46DE8}") = "1. HLSL", "1. HLSL", "{BCBC18FF-9369-4532-85F9-865FD0981208}"
	ProjectSection(SolutionItems) = preProject
		CopyList_HLSL_Header.txt = CopyList_HLSL_Header.txt
		Copy_HLSL.bat = Copy_HLSL.bat
	EndProjectSection
EndProject
Project("{2150E333-8FDC-42A3-9474-1A3956D46DE8}") = "4. Client", "4. Client", "{86A74A44-51C7-4F3C-A9FD-6C7731C85137}"
	ProjectSection(SolutionItems) = preProject
		Copy_DLL.bat = Copy_DLL.bat
	EndProjectSection
EndProject
Project("{8BC9CEB8-8B4A-11D0-8D11-00A0C91BC942}") = "Client", "Project\Client\Client.vcxproj", "{2FA04AC7-6017-43CF-90F2-767289B68C11}"
	ProjectSection(ProjectDependencies) = postProject
		{11A631B2-3E03-4804-8BDC-94031C6F50DF} = {11A631B2-3E03-4804-8BDC-94031C6F50DF}
		{130D0B44-C6B7-4862-9BA9-3CE99AEC11AC} = {130D0B44-C6B7-4862-9BA9-3CE99AEC11AC}
		{52436A21-305C-480D-B480-94522B8CEB11} = {52436A21-305C-480D-B480-94522B8CEB11}
		{6DAFA788-499E-4B34-98EC-F4075A483B9E} = {6DAFA788-499E-4B34-98EC-F4075A483B9E}
		{7E47984A-DB65-4F09-B9A3-D40FDA5F4795} = {7E47984A-DB65-4F09-B9A3-D40FDA5F4795}
		{9CE7BE93-D84F-425E-9A1A-B500EAC0E517} = {9CE7BE93-D84F-425E-9A1A-B500EAC0E517}
		{F0D52FFC-41F0-4F10-A39B-DB9DC631FA94} = {F0D52FFC-41F0-4F10-A39B-DB9DC631FA94}
	EndProjectSection
EndProject
Project("{8BC9CEB8-8B4A-11D0-8D11-00A0C91BC942}") = "Engine", "Project\Engine\Engine.vcxproj", "{6DAFA788-499E-4B34-98EC-F4075A483B9E}"
EndProject
Project("{2150E333-8FDC-42A3-9474-1A3956D46DE8}") = "3. Contents", "3. Contents", "{7250CFD8-07A2-4898-B65B-BDDD910D042B}"
EndProject
Project("{8BC9CEB8-8B4A-11D0-8D11-00A0C91BC942}") = "Contents", "Project\Contents\Contents.vcxproj", "{9CE7BE93-D84F-425E-9A1A-B500EAC0E517}"
	ProjectSection(ProjectDependencies) = postProject
		{11A631B2-3E03-4804-8BDC-94031C6F50DF} = {11A631B2-3E03-4804-8BDC-94031C6F50DF}
		{130D0B44-C6B7-4862-9BA9-3CE99AEC11AC} = {130D0B44-C6B7-4862-9BA9-3CE99AEC11AC}
		{2C1DA0D1-8414-40E1-AA55-BC333714F7CB} = {2C1DA0D1-8414-40E1-AA55-BC333714F7CB}
		{2D59B38A-83B0-4C8A-8860-5D78963C757C} = {2D59B38A-83B0-4C8A-8860-5D78963C757C}
		{48BC2B1B-6C8F-499F-B5E9-4A9776259623} = {48BC2B1B-6C8F-499F-B5E9-4A9776259623}
		{52436A21-305C-480D-B480-94522B8CEB11} = {52436A21-305C-480D-B480-94522B8CEB11}
		{6DAFA788-499E-4B34-98EC-F4075A483B9E} = {6DAFA788-499E-4B34-98EC-F4075A483B9E}
		{75938607-4661-4BE3-9F60-CBCBCAECE624} = {75938607-4661-4BE3-9F60-CBCBCAECE624}
		{7E47984A-DB65-4F09-B9A3-D40FDA5F4795} = {7E47984A-DB65-4F09-B9A3-D40FDA5F4795}
		{9AEDA5B3-B43F-455A-A407-1887680E4866} = {9AEDA5B3-B43F-455A-A407-1887680E4866}
		{AF56EA80-283A-41EF-83BF-7A8848DD2BFB} = {AF56EA80-283A-41EF-83BF-7A8848DD2BFB}
		{F0D52FFC-41F0-4F10-A39B-DB9DC631FA94} = {F0D52FFC-41F0-4F10-A39B-DB9DC631FA94}
	EndProjectSection
EndProject
Project("{8BC9CEB8-8B4A-11D0-8D11-00A0C91BC942}") = "CodeGenerator", "Project\CodeGenerator\CodeGenerator.vcxproj", "{9AEDA5B3-B43F-455A-A407-1887680E4866}"
EndProject
Project("{2150E333-8FDC-42A3-9474-1A3956D46DE8}") = "2. CodeGenerator", "2. CodeGenerator", "{839B9D89-4922-40DE-9661-6FC1CCDEE487}"
EndProject
Project("{8BC9CEB8-8B4A-11D0-8D11-00A0C91BC942}") = "Contents_HJ", "Project\Contents\Contents_HJ.vcxproj", "{7E47984A-DB65-4F09-B9A3-D40FDA5F4795}"
EndProject
Project("{8BC9CEB8-8B4A-11D0-8D11-00A0C91BC942}") = "Contents_JH", "Project\Contents\Contents_JH.vcxproj", "{11A631B2-3E03-4804-8BDC-94031C6F50DF}"
EndProject
Project("{8BC9CEB8-8B4A-11D0-8D11-00A0C91BC942}") = "Contents_SB", "Project\Contents\Contents_SB.vcxproj", "{130D0B44-C6B7-4862-9BA9-3CE99AEC11AC}"
EndProject
Project("{8BC9CEB8-8B4A-11D0-8D11-00A0C91BC942}") = "Contents_HW", "Project\Contents\Contents_HW.vcxproj", "{F0D52FFC-41F0-4F10-A39B-DB9DC631FA94}"
EndProject
Project("{8BC9CEB8-8B4A-11D0-8D11-00A0C91BC942}") = "Contents_CH", "Project\Contents\Contents_CH.vcxproj", "{52436A21-305C-480D-B480-94522B8CEB11}"
EndProject
Project("{8BC9CEB8-8B4A-11D0-8D11-00A0C91BC942}") = "HLSL_JH", "Project\HLSL\HLSL_JH.vcxproj", "{75938607-4661-4BE3-9F60-CBCBCAECE624}"
	ProjectSection(ProjectDependencies) = postProject
		{6DAFA788-499E-4B34-98EC-F4075A483B9E} = {6DAFA788-499E-4B34-98EC-F4075A483B9E}
	EndProjectSection
EndProject
Project("{8BC9CEB8-8B4A-11D0-8D11-00A0C91BC942}") = "HLSL_HW", "Project\HLSL\HLSL_HW.vcxproj", "{48BC2B1B-6C8F-499F-B5E9-4A9776259623}"
	ProjectSection(ProjectDependencies) = postProject
		{6DAFA788-499E-4B34-98EC-F4075A483B9E} = {6DAFA788-499E-4B34-98EC-F4075A483B9E}
	EndProjectSection
EndProject
Project("{8BC9CEB8-8B4A-11D0-8D11-00A0C91BC942}") = "HLSL_SB", "Project\HLSL\HLSL_SB.vcxproj", "{2C1DA0D1-8414-40E1-AA55-BC333714F7CB}"
	ProjectSection(ProjectDependencies) = postProject
		{6DAFA788-499E-4B34-98EC-F4075A483B9E} = {6DAFA788-499E-4B34-98EC-F4075A483B9E}
	EndProjectSection
EndProject
Project("{8BC9CEB8-8B4A-11D0-8D11-00A0C91BC942}") = "HLSL_CH", "Project\HLSL\HLSL_CH.vcxproj", "{AF56EA80-283A-41EF-83BF-7A8848DD2BFB}"
	ProjectSection(ProjectDependencies) = postProject
		{6DAFA788-499E-4B34-98EC-F4075A483B9E} = {6DAFA788-499E-4B34-98EC-F4075A483B9E}
	EndProjectSection
EndProject
Project("{8BC9CEB8-8B4A-11D0-8D11-00A0C91BC942}") = "HLSL_HJ", "Project\HLSL\HLSL_HJ.vcxproj", "{2D59B38A-83B0-4C8A-8860-5D78963C757C}"
	ProjectSection(ProjectDependencies) = postProject
		{6DAFA788-499E-4B34-98EC-F4075A483B9E} = {6DAFA788-499E-4B34-98EC-F4075A483B9E}
	EndProjectSection
EndProject
Global
	GlobalSection(SolutionConfigurationPlatforms) = preSolution
		Debug|x64 = Debug|x64
		Debug|x86 = Debug|x86
		Release|x64 = Release|x64
		Release|x86 = Release|x86
	EndGlobalSection
	GlobalSection(ProjectConfigurationPlatforms) = postSolution
		{2FA04AC7-6017-43CF-90F2-767289B68C11}.Debug|x64.ActiveCfg = Debug|x64
		{2FA04AC7-6017-43CF-90F2-767289B68C11}.Debug|x64.Build.0 = Debug|x64
		{2FA04AC7-6017-43CF-90F2-767289B68C11}.Debug|x86.ActiveCfg = Debug|Win32
		{2FA04AC7-6017-43CF-90F2-767289B68C11}.Debug|x86.Build.0 = Debug|Win32
		{2FA04AC7-6017-43CF-90F2-767289B68C11}.Release|x64.ActiveCfg = Release|x64
		{2FA04AC7-6017-43CF-90F2-767289B68C11}.Release|x64.Build.0 = Release|x64
		{2FA04AC7-6017-43CF-90F2-767289B68C11}.Release|x86.ActiveCfg = Release|Win32
		{2FA04AC7-6017-43CF-90F2-767289B68C11}.Release|x86.Build.0 = Release|Win32
		{6DAFA788-499E-4B34-98EC-F4075A483B9E}.Debug|x64.ActiveCfg = Debug|x64
		{6DAFA788-499E-4B34-98EC-F4075A483B9E}.Debug|x64.Build.0 = Debug|x64
		{6DAFA788-499E-4B34-98EC-F4075A483B9E}.Debug|x86.ActiveCfg = Debug|Win32
		{6DAFA788-499E-4B34-98EC-F4075A483B9E}.Debug|x86.Build.0 = Debug|Win32
		{6DAFA788-499E-4B34-98EC-F4075A483B9E}.Release|x64.ActiveCfg = Release|x64
		{6DAFA788-499E-4B34-98EC-F4075A483B9E}.Release|x64.Build.0 = Release|x64
		{6DAFA788-499E-4B34-98EC-F4075A483B9E}.Release|x86.ActiveCfg = Release|Win32
		{6DAFA788-499E-4B34-98EC-F4075A483B9E}.Release|x86.Build.0 = Release|Win32
		{9CE7BE93-D84F-425E-9A1A-B500EAC0E517}.Debug|x64.ActiveCfg = Debug|x64
		{9CE7BE93-D84F-425E-9A1A-B500EAC0E517}.Debug|x64.Build.0 = Debug|x64
		{9CE7BE93-D84F-425E-9A1A-B500EAC0E517}.Debug|x86.ActiveCfg = Debug|Win32
		{9CE7BE93-D84F-425E-9A1A-B500EAC0E517}.Debug|x86.Build.0 = Debug|Win32
		{9CE7BE93-D84F-425E-9A1A-B500EAC0E517}.Release|x64.ActiveCfg = Release|x64
		{9CE7BE93-D84F-425E-9A1A-B500EAC0E517}.Release|x64.Build.0 = Release|x64
		{9CE7BE93-D84F-425E-9A1A-B500EAC0E517}.Release|x86.ActiveCfg = Release|Win32
		{9CE7BE93-D84F-425E-9A1A-B500EAC0E517}.Release|x86.Build.0 = Release|Win32
		{9AEDA5B3-B43F-455A-A407-1887680E4866}.Debug|x64.ActiveCfg = Debug|x64
		{9AEDA5B3-B43F-455A-A407-1887680E4866}.Debug|x64.Build.0 = Debug|x64
		{9AEDA5B3-B43F-455A-A407-1887680E4866}.Debug|x86.ActiveCfg = Debug|Win32
		{9AEDA5B3-B43F-455A-A407-1887680E4866}.Debug|x86.Build.0 = Debug|Win32
		{9AEDA5B3-B43F-455A-A407-1887680E4866}.Release|x64.ActiveCfg = Release|x64
		{9AEDA5B3-B43F-455A-A407-1887680E4866}.Release|x64.Build.0 = Release|x64
		{9AEDA5B3-B43F-455A-A407-1887680E4866}.Release|x86.ActiveCfg = Release|Win32
		{9AEDA5B3-B43F-455A-A407-1887680E4866}.Release|x86.Build.0 = Release|Win32
		{7E47984A-DB65-4F09-B9A3-D40FDA5F4795}.Debug|x64.ActiveCfg = Debug|x64
		{7E47984A-DB65-4F09-B9A3-D40FDA5F4795}.Debug|x86.ActiveCfg = Debug|Win32
		{7E47984A-DB65-4F09-B9A3-D40FDA5F4795}.Release|x64.ActiveCfg = Release|x64
		{7E47984A-DB65-4F09-B9A3-D40FDA5F4795}.Release|x86.ActiveCfg = Release|Win32
		{11A631B2-3E03-4804-8BDC-94031C6F50DF}.Debug|x64.ActiveCfg = Debug|x64
		{11A631B2-3E03-4804-8BDC-94031C6F50DF}.Debug|x86.ActiveCfg = Debug|Win32
		{11A631B2-3E03-4804-8BDC-94031C6F50DF}.Release|x64.ActiveCfg = Release|x64
		{11A631B2-3E03-4804-8BDC-94031C6F50DF}.Release|x86.ActiveCfg = Release|Win32
		{130D0B44-C6B7-4862-9BA9-3CE99AEC11AC}.Debug|x64.ActiveCfg = Debug|x64
		{130D0B44-C6B7-4862-9BA9-3CE99AEC11AC}.Debug|x86.ActiveCfg = Debug|Win32
		{130D0B44-C6B7-4862-9BA9-3CE99AEC11AC}.Release|x64.ActiveCfg = Release|x64
		{130D0B44-C6B7-4862-9BA9-3CE99AEC11AC}.Release|x86.ActiveCfg = Release|Win32
		{F0D52FFC-41F0-4F10-A39B-DB9DC631FA94}.Debug|x64.ActiveCfg = Debug|x64
		{F0D52FFC-41F0-4F10-A39B-DB9DC631FA94}.Debug|x86.ActiveCfg = Debug|Win32
		{F0D52FFC-41F0-4F10-A39B-DB9DC631FA94}.Release|x64.ActiveCfg = Release|x64
		{F0D52FFC-41F0-4F10-A39B-DB9DC631FA94}.Release|x86.ActiveCfg = Release|Win32
		{52436A21-305C-480D-B480-94522B8CEB11}.Debug|x64.ActiveCfg = Debug|x64
		{52436A21-305C-480D-B480-94522B8CEB11}.Debug|x86.ActiveCfg = Debug|Win32
		{52436A21-305C-480D-B480-94522B8CEB11}.Release|x64.ActiveCfg = Release|x64
		{52436A21-305C-480D-B480-94522B8CEB11}.Release|x86.ActiveCfg = Release|Win32
		{75938607-4661-4BE3-9F60-CBCBCAECE624}.Debug|x64.ActiveCfg = Debug|x64
		{75938607-4661-4BE3-9F60-CBCBCAECE624}.Debug|x64.Build.0 = Debug|x64
		{75938607-4661-4BE3-9F60-CBCBCAECE624}.Debug|x86.ActiveCfg = Debug|Win32
		{75938607-4661-4BE3-9F60-CBCBCAECE624}.Debug|x86.Build.0 = Debug|Win32
		{75938607-4661-4BE3-9F60-CBCBCAECE624}.Release|x64.ActiveCfg = Release|x64
		{75938607-4661-4BE3-9F60-CBCBCAECE624}.Release|x64.Build.0 = Release|x64
		{75938607-4661-4BE3-9F60-CBCBCAECE624}.Release|x86.ActiveCfg = Release|Win32
		{75938607-4661-4BE3-9F60-CBCBCAECE624}.Release|x86.Build.0 = Release|Win32
		{48BC2B1B-6C8F-499F-B5E9-4A9776259623}.Debug|x64.ActiveCfg = Debug|x64
		{48BC2B1B-6C8F-499F-B5E9-4A9776259623}.Debug|x64.Build.0 = Debug|x64
		{48BC2B1B-6C8F-499F-B5E9-4A9776259623}.Debug|x86.ActiveCfg = Debug|Win32
		{48BC2B1B-6C8F-499F-B5E9-4A9776259623}.Debug|x86.Build.0 = Debug|Win32
		{48BC2B1B-6C8F-499F-B5E9-4A9776259623}.Release|x64.ActiveCfg = Release|x64
		{48BC2B1B-6C8F-499F-B5E9-4A9776259623}.Release|x64.Build.0 = Release|x64
		{48BC2B1B-6C8F-499F-B5E9-4A9776259623}.Release|x86.ActiveCfg = Release|Win32
		{48BC2B1B-6C8F-499F-B5E9-4A9776259623}.Release|x86.Build.0 = Release|Win32
		{2C1DA0D1-8414-40E1-AA55-BC333714F7CB}.Debug|x64.ActiveCfg = Debug|x64
		{2C1DA0D1-8414-40E1-AA55-BC333714F7CB}.Debug|x64.Build.0 = Debug|x64
		{2C1DA0D1-8414-40E1-AA55-BC333714F7CB}.Debug|x86.ActiveCfg = Debug|Win32
		{2C1DA0D1-8414-40E1-AA55-BC333714F7CB}.Debug|x86.Build.0 = Debug|Win32
		{2C1DA0D1-8414-40E1-AA55-BC333714F7CB}.Release|x64.ActiveCfg = Release|x64
		{2C1DA0D1-8414-40E1-AA55-BC333714F7CB}.Release|x64.Build.0 = Release|x64
		{2C1DA0D1-8414-40E1-AA55-BC333714F7CB}.Release|x86.ActiveCfg = Release|Win32
		{2C1DA0D1-8414-40E1-AA55-BC333714F7CB}.Release|x86.Build.0 = Release|Win32
		{AF56EA80-283A-41EF-83BF-7A8848DD2BFB}.Debug|x64.ActiveCfg = Debug|x64
		{AF56EA80-283A-41EF-83BF-7A8848DD2BFB}.Debug|x64.Build.0 = Debug|x64
		{AF56EA80-283A-41EF-83BF-7A8848DD2BFB}.Debug|x86.ActiveCfg = Debug|Win32
		{AF56EA80-283A-41EF-83BF-7A8848DD2BFB}.Debug|x86.Build.0 = Debug|Win32
		{AF56EA80-283A-41EF-83BF-7A8848DD2BFB}.Release|x64.ActiveCfg = Release|x64
		{AF56EA80-283A-41EF-83BF-7A8848DD2BFB}.Release|x64.Build.0 = Release|x64
		{AF56EA80-283A-41EF-83BF-7A8848DD2BFB}.Release|x86.ActiveCfg = Release|Win32
		{AF56EA80-283A-41EF-83BF-7A8848DD2BFB}.Release|x86.Build.0 = Release|Win32
		{2D59B38A-83B0-4C8A-8860-5D78963C757C}.Debug|x64.ActiveCfg = Debug|x64
		{2D59B38A-83B0-4C8A-8860-5D78963C757C}.Debug|x64.Build.0 = Debug|x64
		{2D59B38A-83B0-4C8A-8860-5D78963C757C}.Debug|x86.ActiveCfg = Debug|Win32
		{2D59B38A-83B0-4C8A-8860-5D78963C757C}.Debug|x86.Build.0 = Debug|Win32
		{2D59B38A-83B0-4C8A-8860-5D78963C757C}.Release|x64.ActiveCfg = Release|x64
		{2D59B38A-83B0-4C8A-8860-5D78963C757C}.Release|x64.Build.0 = Release|x64
		{2D59B38A-83B0-4C8A-8860-5D78963C757C}.Release|x86.ActiveCfg = Release|Win32
		{2D59B38A-83B0-4C8A-8860-5D78963C757C}.Release|x86.Build.0 = Release|Win32
	EndGlobalSection
	GlobalSection(SolutionProperties) = preSolution
		HideSolutionNode = FALSE
	EndGlobalSection
	GlobalSection(NestedProjects) = preSolution
		{2FA04AC7-6017-43CF-90F2-767289B68C11} = {86A74A44-51C7-4F3C-A9FD-6C7731C85137}
		{6DAFA788-499E-4B34-98EC-F4075A483B9E} = {5D6E3B5F-D33A-41F9-BD8D-E0D1A977D472}
		{9CE7BE93-D84F-425E-9A1A-B500EAC0E517} = {7250CFD8-07A2-4898-B65B-BDDD910D042B}
		{9AEDA5B3-B43F-455A-A407-1887680E4866} = {839B9D89-4922-40DE-9661-6FC1CCDEE487}
		{7E47984A-DB65-4F09-B9A3-D40FDA5F4795} = {7250CFD8-07A2-4898-B65B-BDDD910D042B}
		{11A631B2-3E03-4804-8BDC-94031C6F50DF} = {7250CFD8-07A2-4898-B65B-BDDD910D042B}
		{130D0B44-C6B7-4862-9BA9-3CE99AEC11AC} = {7250CFD8-07A2-4898-B65B-BDDD910D042B}
		{F0D52FFC-41F0-4F10-A39B-DB9DC631FA94} = {7250CFD8-07A2-4898-B65B-BDDD910D042B}
		{52436A21-305C-480D-B480-94522B8CEB11} = {7250CFD8-07A2-4898-B65B-BDDD910D042B}
		{75938607-4661-4BE3-9F60-CBCBCAECE624} = {BCBC18FF-9369-4532-85F9-865FD0981208}
		{48BC2B1B-6C8F-499F-B5E9-4A9776259623} = {BCBC18FF-9369-4532-85F9-865FD0981208}
		{2C1DA0D1-8414-40E1-AA55-BC333714F7CB} = {BCBC18FF-9369-4532-85F9-865FD0981208}
		{AF56EA80-283A-41EF-83BF-7A8848DD2BFB} = {BCBC18FF-9369-4532-85F9-865FD0981208}
		{2D59B38A-83B0-4C8A-8860-5D78963C757C} = {BCBC18FF-9369-4532-85F9-865FD0981208}
	EndGlobalSection
	GlobalSection(ExtensibilityGlobals) = postSolution
		SolutionGuid = {4E52D4D5-2BDB-4E9F-A410-9F851776CFDC}
	EndGlobalSection
EndGlobal
