<?xml version="1.0" encoding="utf-8"?>
<Project ToolsVersion="4.0" xmlns="http://schemas.microsoft.com/developer/msbuild/2003">
  <ItemGroup>
    <ClCompile Include="PCH_Contents.cpp" />
    <ClCompile Include="*.cpp" />
    <ClCompile Include="PCH_Contents.cpp" />
    <ClCompile Include="PCH_Contents.cpp" />
    <ClCompile Include="ContentsClassInitializer.cpp" />
    <ClCompile Include="ContentsClassInitializer_Component.cpp" />
    <ClCompile Include="ContentsClassInitializer_Scene.cpp" />
    <ClCompile Include="ContentsClassInitializer_Script.cpp" />
    <ClCompile Include="PCH_Contents.cpp" />
    <ClCompile Include="Scene_Play.cpp" />
    <ClCompile Include="Scene_Title.cpp" />
    <ClCompile Include="Script_CameraMove.cpp" />
    <ClCompile Include="Script_TestScript.cpp" />
    <ClCompile Include="ContentsClassInitializer.cpp" />
    <ClCompile Include="ContentsClassInitializer_Component.cpp" />
    <ClCompile Include="ContentsClassInitializer_Scene.cpp" />
    <ClCompile Include="ContentsClassInitializer_Script.cpp" />
    <ClCompile Include="PCH_Contents.cpp" />
    <ClCompile Include="Scene_Play.cpp" />
    <ClCompile Include="Scene_Title.cpp" />
    <ClCompile Include="Script_CameraMove.cpp" />
    <ClCompile Include="Script_TestScript.cpp" />
    <ClCompile Include="ContentsClassInitializer.cpp" />
    <ClCompile Include="ContentsClassInitializer_Component.cpp" />
    <ClCompile Include="ContentsClassInitializer_Scene.cpp" />
    <ClCompile Include="ContentsClassInitializer_Script.cpp" />
    <ClCompile Include="PCH_Contents.cpp" />
    <ClCompile Include="Scene_Play.cpp" />
    <ClCompile Include="Scene_Title.cpp" />
    <ClCompile Include="Script_CameraMove.cpp" />
    <ClCompile Include="Script_TestScript.cpp" />
    <ClCompile Include="ContentsClassInitializer.cpp" />
    <ClCompile Include="ContentsClassInitializer_Component.cpp" />
    <ClCompile Include="ContentsClassInitializer_Scene.cpp" />
    <ClCompile Include="ContentsClassInitializer_Script.cpp" />
    <ClCompile Include="PCH_Contents.cpp" />
    <ClCompile Include="Scene_Play.cpp" />
    <ClCompile Include="Scene_Title.cpp" />
    <ClCompile Include="Script_CameraMove.cpp" />
    <ClCompile Include="Script_TestScript.cpp" />
    <ClCompile Include="ContentsClassInitializer.cpp" />
    <ClCompile Include="ContentsClassInitializer_Component.cpp" />
    <ClCompile Include="ContentsClassInitializer_Scene.cpp" />
    <ClCompile Include="ContentsClassInitializer_Script.cpp" />
    <ClCompile Include="PCH_Contents.cpp" />
    <ClCompile Include="Scene_Play.cpp" />
    <ClCompile Include="Scene_Title.cpp" />
    <ClCompile Include="Script_CameraMove.cpp" />
    <ClCompile Include="Script_TestScript.cpp" />
    <ClCompile Include="*.cpp">
      <Filter>Auto Generated</Filter>
    </ClCompile>
    <ClCompile Include="*.cpp">
      <Filter>Auto Generated</Filter>
    </ClCompile>
    <ClCompile Include="*.cpp">
      <Filter>Auto Generated</Filter>
    </ClCompile>
    <ClCompile Include="*.cpp" />
    <ClCompile Include="ContentsClassInitializer.cpp" />
    <ClCompile Include="ContentsClassInitializer_Component.cpp" />
    <ClCompile Include="ContentsClassInitializer_Scene.cpp" />
    <ClCompile Include="ContentsClassInitializer_Script.cpp" />
    <ClCompile Include="PCH_Contents.cpp" />
    <ClCompile Include="Scene_Play.cpp" />
    <ClCompile Include="Scene_Title.cpp" />
    <ClCompile Include="Script_CameraMove.cpp" />
    <ClCompile Include="Script_TestScript.cpp" />
    <ClCompile Include="ContentsClassInitializer.cpp" />
    <ClCompile Include="ContentsClassInitializer_Component.cpp" />
    <ClCompile Include="ContentsClassInitializer_Scene.cpp" />
    <ClCompile Include="ContentsClassInitializer_Script.cpp" />
    <ClCompile Include="PCH_Contents.cpp" />
    <ClCompile Include="Scene_Play.cpp" />
    <ClCompile Include="Scene_Title.cpp" />
    <ClCompile Include="Script_CameraMove.cpp" />
    <ClCompile Include="Script_TestScript.cpp" />
    <ClCompile Include="Com_TestJH.cpp" />
    <ClCompile Include="ContentsClassInitializer.cpp" />
    <ClCompile Include="ContentsClassInitializer_Component.cpp" />
    <ClCompile Include="ContentsClassInitializer_Scene.cpp" />
    <ClCompile Include="ContentsClassInitializer_Script.cpp" />
    <ClCompile Include="PCH_Contents.cpp" />
    <ClCompile Include="Scene_Play.cpp" />
    <ClCompile Include="Scene_Title.cpp" />
    <ClCompile Include="Script_CameraMove.cpp" />
    <ClCompile Include="Script_JH.cpp" />
    <ClCompile Include="Script_TestHJ.cpp" />
    <ClCompile Include="Script_TestScript.cpp" />
    <ClCompile Include="Com_TestJH.cpp" />
    <ClCompile Include="ContentsClassInitializer.cpp" />
    <ClCompile Include="ContentsClassInitializer_Component.cpp" />
    <ClCompile Include="ContentsClassInitializer_Scene.cpp" />
    <ClCompile Include="ContentsClassInitializer_Script.cpp" />
    <ClCompile Include="PCH_Contents.cpp" />
    <ClCompile Include="Scene_Play.cpp" />
    <ClCompile Include="Scene_Title.cpp" />
    <ClCompile Include="Script_CameraMove.cpp" />
    <ClCompile Include="Script_JH.cpp" />
    <ClCompile Include="Script_TestHJ.cpp" />
    <ClCompile Include="Script_TestScript.cpp" />
    <ClCompile Include="*.cpp" />
    <ClCompile Include="*.cpp" />
    <ClCompile Include="*.cpp" />
    <ClCompile Include="*.cpp" />
    <ClCompile Include="*.cpp" />
    <ClCompile Include="*.cpp" />
    <ClCompile Include="*.cpp">
      <Filter>Init</Filter>
    </ClCompile>
    <ClCompile Include="*.cpp">
      <Filter>Auto Generated</Filter>
    </ClCompile>
    <ClCompile Include="*.cpp">
      <Filter>Auto Generated</Filter>
    </ClCompile>
    <ClCompile Include="*.cpp">
      <Filter>Auto Generated</Filter>
    </ClCompile>
    <ClCompile Include="PCH_Contents.cpp">
      <Filter>PCH</Filter>
    </ClCompile>
    <ClCompile Include="*.cpp" />
    <ClCompile Include="*.cpp" />
    <ClCompile Include="*.cpp" />
    <ClCompile Include="*.cpp" />
    <ClCompile Include="*.cpp" />
    <ClCompile Include="*.cpp" />
    <ClCompile Include="*.cpp" />
    <ClCompile Include="*.cpp" />
    <ClCompile Include="*.cpp" />
    <ClCompile Include="*.cpp" />
    <ClCompile Include="*.cpp" />
    <ClCompile Include="*.cpp" />
    <ClCompile Include="*.cpp" />
    <ClCompile Include="*.cpp" />
    <ClCompile Include="*.cpp" />
    <ClCompile Include="*.cpp" />
    <ClCompile Include="*.cpp" />
    <ClCompile Include="*.cpp" />
    <ClCompile Include="*.cpp" />
    <ClCompile Include="*.cpp" />
    <ClCompile Include="*.cpp" />
    <ClCompile Include="*.cpp" />
  </ItemGroup>
  <ItemGroup>
    <ClInclude Include="strKey_Component.h">
      <Filter>Auto Generated</Filter>
    </ClInclude>
    <ClInclude Include="strKey_Scene.h">
      <Filter>Auto Generated</Filter>
    </ClInclude>
    <ClInclude Include="strKey_Script.h">
      <Filter>Auto Generated</Filter>
    </ClInclude>
    <ClInclude Include="strKey_Shader.h">
      <Filter>Auto Generated</Filter>
    </ClInclude>
    <ClInclude Include="ContentsClassInitializer.h">
      <Filter>Init</Filter>
    </ClInclude>
    <ClInclude Include="PCH_Contents.h">
      <Filter>PCH</Filter>
    </ClInclude>
  </ItemGroup>
  <ItemGroup>
    <Filter Include="Auto Generated">
      <UniqueIdentifier>{98e37a8a-a2f3-46dd-91df-a371fc61baca}</UniqueIdentifier>
    </Filter>
    <Filter Include="Init">
      <UniqueIdentifier>{25d192fb-6b9d-4390-a88c-9cd0a2aef150}</UniqueIdentifier>
    </Filter>
    <Filter Include="PCH">
      <UniqueIdentifier>{c9d56e49-3de8-4e37-86d5-3e550462f260}</UniqueIdentifier>
    </Filter>
  </ItemGroup>
</Project>