<?xml version="1.0" encoding="utf-8"?>
<Project ToolsVersion="4.0" xmlns="http://schemas.microsoft.com/developer/msbuild/2003">
  <ItemGroup>
    <Filter Include="Common">
      <UniqueIdentifier>{0bc27fa8-afac-4a02-8354-f8ac7e3056e0}</UniqueIdentifier>
    </Filter>
    <Filter Include="High Level Interface">
      <UniqueIdentifier>{ef2cc17f-dc8c-4713-acb5-11a43c435929}</UniqueIdentifier>
    </Filter>
    <Filter Include="Common\Math">
      <UniqueIdentifier>{8f5edaa5-ad5d-423a-bc41-5e68a8621da5}</UniqueIdentifier>
    </Filter>
    <Filter Include="Resource">
      <UniqueIdentifier>{767d4264-e56a-430c-8c2d-f49d85c35b59}</UniqueIdentifier>
    </Filter>
    <Filter Include="Scene">
      <UniqueIdentifier>{976687b1-0493-449e-87e3-f6bf27d49c71}</UniqueIdentifier>
    </Filter>
    <Filter Include="GameObject">
      <UniqueIdentifier>{68d11966-8044-4e2a-abef-cc0a1a1642f3}</UniqueIdentifier>
    </Filter>
    <Filter Include="Resource\Mesh">
      <UniqueIdentifier>{5ddde7d6-5dbf-4474-8ff2-f014eaefe47e}</UniqueIdentifier>
    </Filter>
    <Filter Include="Resource\Manager">
      <UniqueIdentifier>{566c056d-bc1c-4a66-9874-1eb8b38721ee}</UniqueIdentifier>
    </Filter>
    <Filter Include="Resource\Material">
      <UniqueIdentifier>{b120460a-4944-428f-b9a0-e7253c288eab}</UniqueIdentifier>
    </Filter>
    <Filter Include="Resource\Texture">
      <UniqueIdentifier>{2e19c4b5-25ef-434b-bb7c-23ab21873a44}</UniqueIdentifier>
    </Filter>
    <Filter Include="Resource\Script">
      <UniqueIdentifier>{bd5eb4ff-9f54-4ada-b23b-dd4130c98faf}</UniqueIdentifier>
    </Filter>
    <Filter Include="Scene\Base">
      <UniqueIdentifier>{2bf45b05-0f71-4108-ade3-0f445677916d}</UniqueIdentifier>
    </Filter>
    <Filter Include="Scene\Layer">
      <UniqueIdentifier>{1e71bc42-a7cc-46d6-9577-a9d25d0f359c}</UniqueIdentifier>
    </Filter>
    <Filter Include="Resource\Prefab">
      <UniqueIdentifier>{b366b499-a62e-4505-9f52-19a691c5fba5}</UniqueIdentifier>
    </Filter>
    <Filter Include="Resource\Audio">
      <UniqueIdentifier>{13b8c314-e2ea-4ff9-835d-52a7f0aca2a5}</UniqueIdentifier>
    </Filter>
    <Filter Include="FontWrapper">
      <UniqueIdentifier>{21b1b362-6e4d-4257-9449-c22529d2b35d}</UniqueIdentifier>
    </Filter>
    <Filter Include="JsonCPP">
      <UniqueIdentifier>{8999b6ba-42f6-4ffd-bf94-77b6220cb4dc}</UniqueIdentifier>
    </Filter>
    <Filter Include="Manager">
      <UniqueIdentifier>{e30f37b2-b57a-4eaf-8f8e-4f5e39da69f2}</UniqueIdentifier>
    </Filter>
    <Filter Include="GPU">
      <UniqueIdentifier>{84407bf0-b431-49e7-b0cd-167e818415ab}</UniqueIdentifier>
    </Filter>
    <Filter Include="GPU\Buffer">
      <UniqueIdentifier>{b9697f64-adc5-45fb-b641-4131688e3073}</UniqueIdentifier>
    </Filter>
    <Filter Include="Resource\Shaders">
      <UniqueIdentifier>{dce3eb15-75d6-4644-8a32-cf9d11564bb1}</UniqueIdentifier>
    </Filter>
    <Filter Include="Resource\Shaders\Compute">
      <UniqueIdentifier>{107a3f26-c3c5-4ea8-a106-cdf993577762}</UniqueIdentifier>
    </Filter>
    <Filter Include="Resource\Shaders\Compute\Base">
      <UniqueIdentifier>{82c69a64-ee51-4444-9a9e-4a866b36d916}</UniqueIdentifier>
    </Filter>
    <Filter Include="Resource\Shaders\Graphics">
      <UniqueIdentifier>{f6d54454-faa4-4b11-8592-0408c79bef47}</UniqueIdentifier>
    </Filter>
    <Filter Include="Common\define">
      <UniqueIdentifier>{db0f6041-2434-4f35-bd27-dbe1b692a9db}</UniqueIdentifier>
    </Filter>
    <Filter Include="GameObject\Component">
      <UniqueIdentifier>{d54e1d46-871f-40f8-ad58-0a2d4ec246e6}</UniqueIdentifier>
    </Filter>
    <Filter Include="GameObject\Component\Script">
      <UniqueIdentifier>{5d1a9b1c-e367-41ff-827a-0670e743acf2}</UniqueIdentifier>
    </Filter>
    <Filter Include="GameObject\Component\Script\Contents">
      <UniqueIdentifier>{0c9e0d2f-bd3f-44cc-a073-834f8bdf9d93}</UniqueIdentifier>
    </Filter>
    <Filter Include="GameObject\Component\Renderer">
      <UniqueIdentifier>{6cbbc9fb-29a5-4e89-a66a-edbeee8d0a1a}</UniqueIdentifier>
    </Filter>
    <Filter Include="GameObject\Component\Camera">
      <UniqueIdentifier>{d5d09f34-c98b-40e4-9959-3f7e7df27f01}</UniqueIdentifier>
    </Filter>
    <Filter Include="GameObject\Component\Collider">
      <UniqueIdentifier>{92b865c2-1040-44bb-9ddb-b9ebff3bccbe}</UniqueIdentifier>
    </Filter>
    <Filter Include="GameObject\Component\Collider\2D">
      <UniqueIdentifier>{51ad1f08-b1a8-4cce-a84d-49b9b06e11a9}</UniqueIdentifier>
    </Filter>
    <Filter Include="GameObject\Component\Collider\3D">
      <UniqueIdentifier>{6b267699-3830-4c57-89d0-68c916e6fb9a}</UniqueIdentifier>
    </Filter>
    <Filter Include="GameObject\Component\Animator">
      <UniqueIdentifier>{5617f228-a6b1-4d89-8a60-2aea1ca48f8c}</UniqueIdentifier>
    </Filter>
    <Filter Include="GameObject\Component\Light">
      <UniqueIdentifier>{8a4cefad-b3b9-4953-99ce-2821de45ba85}</UniqueIdentifier>
    </Filter>
    <Filter Include="GameObject\Component\Audio">
      <UniqueIdentifier>{326cbbf6-1cb8-4ba7-bc32-aa2759b923f9}</UniqueIdentifier>
    </Filter>
    <Filter Include="GameObject\Component\0. Transform">
      <UniqueIdentifier>{62546181-5d07-413f-a9e5-329a0986165d}</UniqueIdentifier>
    </Filter>
    <Filter Include="_DefaultShader">
      <UniqueIdentifier>{f9fb54b7-eaf0-450c-b3c7-b6781de3a310}</UniqueIdentifier>
    </Filter>
    <Filter Include="_DefaultShader\Basic3D">
      <UniqueIdentifier>{b8f94d4d-f815-445b-81b2-e0c013c5c816}</UniqueIdentifier>
    </Filter>
    <Filter Include="_DefaultShader\Debug">
      <UniqueIdentifier>{5d00f9ad-c0c8-4d56-9161-2c02c78f56f0}</UniqueIdentifier>
    </Filter>
    <Filter Include="_DefaultShader\Deffered">
      <UniqueIdentifier>{89e98b6a-3b1a-4de3-b82d-f33c541db6d5}</UniqueIdentifier>
    </Filter>
    <Filter Include="_DefaultShader\Grid">
      <UniqueIdentifier>{1ccdad10-4b75-4ca7-a6bc-598d2b7b3f79}</UniqueIdentifier>
    </Filter>
    <Filter Include="_DefaultShader\Light">
      <UniqueIdentifier>{30909e2f-d261-4edf-b589-70344ae74c69}</UniqueIdentifier>
    </Filter>
    <Filter Include="_DefaultShader\Particle">
      <UniqueIdentifier>{14fd0960-d83d-4dd1-827f-03a0b6654f9b}</UniqueIdentifier>
    </Filter>
    <Filter Include="_DefaultShader\PostProcess">
      <UniqueIdentifier>{07baad1d-f768-4b1c-8c6e-1306e5a5c0ad}</UniqueIdentifier>
    </Filter>
    <Filter Include="_DefaultShader\Sprite">
      <UniqueIdentifier>{4cedf35b-68b8-4395-b39e-8a99344fdd82}</UniqueIdentifier>
    </Filter>
    <Filter Include="_DefaultShader\Triangle">
      <UniqueIdentifier>{d5132f68-2ed1-40be-b859-4494446606a5}</UniqueIdentifier>
    </Filter>
    <Filter Include="_DefaultShader\UI">
      <UniqueIdentifier>{695b14e9-caa2-473f-a6d4-b60a09e286e8}</UniqueIdentifier>
    </Filter>
    <Filter Include="ImGui">
      <UniqueIdentifier>{7ead1012-2fe3-4493-a5d1-11629a040609}</UniqueIdentifier>
    </Filter>
    <Filter Include="GuiEditor">
      <UniqueIdentifier>{f01415bd-35a1-4346-a2af-334b1db13884}</UniqueIdentifier>
    </Filter>
    <Filter Include="GuiEditor\Inspector">
      <UniqueIdentifier>{15da5104-2b2f-4459-8856-9638900e6d79}</UniqueIdentifier>
    </Filter>
    <Filter Include="GuiEditor\_Widget">
      <UniqueIdentifier>{bee12466-3d3c-47b5-bb11-8b335dcb2882}</UniqueIdentifier>
    </Filter>
    <Filter Include="GuiEditor\_Base">
      <UniqueIdentifier>{04459d94-b375-4c1d-8734-353733b47bbf}</UniqueIdentifier>
    </Filter>
    <Filter Include="GuiEditor\Resource">
      <UniqueIdentifier>{5fbcebbb-c7b9-4ded-a1ff-723e534b0f93}</UniqueIdentifier>
    </Filter>
    <Filter Include="GuiEditor\DebugObject">
      <UniqueIdentifier>{c4101135-61a2-425a-8b62-fa43e4d50a34}</UniqueIdentifier>
    </Filter>
    <Filter Include="Common\WindowResource">
      <UniqueIdentifier>{7c2bcaa2-f3ec-46ae-9c79-07087d540363}</UniqueIdentifier>
    </Filter>
    <Filter Include="_DefaultShader\Animation 3D">
      <UniqueIdentifier>{d3e8caa9-5036-4c5b-9533-7c3a801fceac}</UniqueIdentifier>
    </Filter>
  </ItemGroup>
  <ItemGroup>
    <ClCompile Include="Application.cpp">
      <Filter>High Level Interface</Filter>
    </ClCompile>
    <ClCompile Include="Entity.cpp">
      <Filter>Common</Filter>
    </ClCompile>
    <ClCompile Include="GameObject.cpp">
      <Filter>GameObject</Filter>
    </ClCompile>
    <ClCompile Include="Mesh.cpp">
      <Filter>Resource\Mesh</Filter>
    </ClCompile>
    <ClCompile Include="Material.cpp">
      <Filter>Resource\Material</Filter>
    </ClCompile>
    <ClCompile Include="Texture.cpp">
      <Filter>Resource\Texture</Filter>
    </ClCompile>
    <ClCompile Include="IScript.cpp">
      <Filter>GameObject\Component\Script</Filter>
    </ClCompile>
    <ClCompile Include="Com_Renderer_Mesh.cpp">
      <Filter>GameObject\Component\Renderer</Filter>
    </ClCompile>
    <ClCompile Include="Script_Player.cpp">
      <Filter>GameObject\Component\Script\Contents</Filter>
    </ClCompile>
    <ClCompile Include="Com_Camera.cpp">
      <Filter>GameObject\Component\Camera</Filter>
    </ClCompile>
    <ClCompile Include="Script_Camera.cpp">
      <Filter>GameObject\Component\Script</Filter>
    </ClCompile>
    <ClCompile Include="Com_Renderer_Sprite.cpp">
      <Filter>GameObject\Component\Renderer</Filter>
    </ClCompile>
    <ClCompile Include="GridScript.cpp">
      <Filter>Resource\Script</Filter>
    </ClCompile>
    <ClCompile Include="Layer.cpp">
      <Filter>Scene\Layer</Filter>
    </ClCompile>
    <ClCompile Include="IScene.cpp">
      <Filter>Scene\Base</Filter>
    </ClCompile>
    <ClCompile Include="Prefab.cpp">
      <Filter>Resource\Prefab</Filter>
    </ClCompile>
    <ClCompile Include="ICollider2D.cpp">
      <Filter>GameObject\Component\Collider\2D</Filter>
    </ClCompile>
    <ClCompile Include="ICollider3D.cpp">
      <Filter>GameObject\Component\Collider\3D</Filter>
    </ClCompile>
    <ClCompile Include="ICollider.cpp">
      <Filter>GameObject\Component\Collider</Filter>
    </ClCompile>
    <ClCompile Include="Player.cpp">
      <Filter>GameObject\Component\Script\Contents</Filter>
    </ClCompile>
    <ClCompile Include="Monster.cpp">
      <Filter>GameObject\Component\Script\Contents</Filter>
    </ClCompile>
    <ClCompile Include="Animation2D.cpp">
      <Filter>GameObject\Component\Animator</Filter>
    </ClCompile>
    <ClCompile Include="Com_Animator2D.cpp">
      <Filter>GameObject\Component\Animator</Filter>
    </ClCompile>
    <ClCompile Include="PaintShader.cpp">
      <Filter>Resource\Shaders\Compute</Filter>
    </ClCompile>
    <ClCompile Include="ComputeShader.cpp">
      <Filter>Resource\Shaders\Compute\Base</Filter>
    </ClCompile>
    <ClCompile Include="Com_Light3D.cpp">
      <Filter>GameObject\Component\Light</Filter>
    </ClCompile>
    <ClCompile Include="ConstBuffer.cpp">
      <Filter>GPU\Buffer</Filter>
    </ClCompile>
    <ClCompile Include="StructBuffer.cpp">
      <Filter>GPU\Buffer</Filter>
    </ClCompile>
    <ClCompile Include="ParticleShader.cpp" />
    <ClCompile Include="Com_AudioListener.cpp">
      <Filter>GameObject\Component\Audio</Filter>
    </ClCompile>
    <ClCompile Include="FontWrapper.cpp">
      <Filter>FontWrapper</Filter>
    </ClCompile>
    <ClCompile Include="GPUBuffer.cpp">
      <Filter>GPU\Buffer</Filter>
    </ClCompile>
    <ClCompile Include="PCH_Engine.cpp">
      <Filter>Common</Filter>
    </ClCompile>
    <ClCompile Include="json-cpp\jsoncpp.cpp">
      <Filter>JsonCPP</Filter>
    </ClCompile>
    <ClCompile Include="AtExit.cpp">
      <Filter>Common</Filter>
    </ClCompile>
    <ClCompile Include="IShader.cpp">
      <Filter>Resource\Shaders</Filter>
    </ClCompile>
    <ClCompile Include="GraphicsShader.cpp">
      <Filter>Resource\Shaders\Graphics</Filter>
    </ClCompile>
    <ClCompile Include="IComponent.cpp">
      <Filter>GameObject\Component</Filter>
    </ClCompile>
    <ClCompile Include="ResMgr.cpp">
      <Filter>Manager</Filter>
    </ClCompile>
    <ClCompile Include="TimeMgr.cpp">
      <Filter>Manager</Filter>
    </ClCompile>
    <ClCompile Include="PathMgr.cpp">
      <Filter>Manager</Filter>
    </ClCompile>
    <ClCompile Include="Com_Renderer_ParticleSystem.cpp">
      <Filter>GameObject\Component\Renderer</Filter>
    </ClCompile>
    <ClCompile Include="IRes.cpp">
      <Filter>Resource</Filter>
    </ClCompile>
    <ClCompile Include="IRenderer.cpp">
      <Filter>GameObject\Component\Renderer</Filter>
    </ClCompile>
    <ClCompile Include="ComMgr.cpp">
      <Filter>Manager</Filter>
    </ClCompile>
    <ClCompile Include="DefaultComInitializer.cpp">
      <Filter>GameObject\Component</Filter>
    </ClCompile>
    <ClCompile Include="Com_Transform.cpp">
      <Filter>GameObject\Component\0. Transform</Filter>
    </ClCompile>
    <ClCompile Include="Com_AudioSource.cpp">
      <Filter>GameObject\Component\Audio</Filter>
    </ClCompile>
    <ClCompile Include="AudioClip.cpp">
      <Filter>Resource\Audio</Filter>
    </ClCompile>
    <ClCompile Include="RenderMgr.cpp">
      <Filter>Manager</Filter>
    </ClCompile>
    <ClCompile Include="GPUMgr.cpp">
      <Filter>Manager</Filter>
    </ClCompile>
    <ClCompile Include="AudioMgr.cpp">
      <Filter>Manager</Filter>
    </ClCompile>
    <ClCompile Include="MultiRenderTarget.cpp">
      <Filter>GPU</Filter>
    </ClCompile>
    <ClCompile Include="CollisionMgr.cpp">
      <Filter>Manager</Filter>
    </ClCompile>
    <ClCompile Include="InputMgr.cpp">
      <Filter>Manager</Filter>
    </ClCompile>
    <ClCompile Include="define_Util.cpp">
      <Filter>Common\define</Filter>
    </ClCompile>
    <ClCompile Include="SimpleMath.cpp">
      <Filter>Common\Math</Filter>
    </ClCompile>
    <ClCompile Include="MeshData.cpp">
      <Filter>Resource\Mesh</Filter>
    </ClCompile>
    <ClCompile Include="FBXLoader.cpp" />
    <ClCompile Include="SceneMgr.cpp">
      <Filter>Manager</Filter>
    </ClCompile>
    <ClCompile Include="imgui\imgui.cpp">
      <Filter>ImGui</Filter>
    </ClCompile>
    <ClCompile Include="imgui\imgui_demo.cpp">
      <Filter>ImGui</Filter>
    </ClCompile>
    <ClCompile Include="imgui\imgui_draw.cpp">
      <Filter>ImGui</Filter>
    </ClCompile>
    <ClCompile Include="imgui\imgui_impl_dx11.cpp">
      <Filter>ImGui</Filter>
    </ClCompile>
    <ClCompile Include="imgui\imgui_impl_win32.cpp">
      <Filter>ImGui</Filter>
    </ClCompile>
    <ClCompile Include="imgui\imgui_stdlib.cpp">
      <Filter>ImGui</Filter>
    </ClCompile>
    <ClCompile Include="imgui\imgui_tables.cpp">
      <Filter>ImGui</Filter>
    </ClCompile>
    <ClCompile Include="imgui\imgui_widgets.cpp">
      <Filter>ImGui</Filter>
    </ClCompile>
    <ClCompile Include="guiGraphicsShaderEditor.cpp">
      <Filter>GuiEditor</Filter>
    </ClCompile>
    <ClCompile Include="guiTree_GameObject.cpp">
      <Filter>GuiEditor</Filter>
    </ClCompile>
    <ClCompile Include="guiConsole.cpp">
      <Filter>GuiEditor</Filter>
    </ClCompile>
    <ClCompile Include="guiGame.cpp">
      <Filter>GuiEditor</Filter>
    </ClCompile>
    <ClCompile Include="guiInspector.cpp">
      <Filter>GuiEditor</Filter>
    </ClCompile>
    <ClCompile Include="guiMainMenu.cpp">
      <Filter>GuiEditor</Filter>
    </ClCompile>
    <ClCompile Include="guiMgr.cpp">
      <Filter>Manager</Filter>
    </ClCompile>
    <ClCompile Include="guiBase.cpp">
      <Filter>GuiEditor\_Base</Filter>
    </ClCompile>
    <ClCompile Include="guiChild.cpp">
      <Filter>GuiEditor\_Base</Filter>
    </ClCompile>
    <ClCompile Include="guiWindow.cpp">
      <Filter>GuiEditor\_Base</Filter>
    </ClCompile>
    <ClCompile Include="guiCom_Transform.cpp">
      <Filter>GuiEditor\Inspector</Filter>
    </ClCompile>
    <ClCompile Include="guiCom_Renderer.cpp">
      <Filter>GuiEditor\Inspector</Filter>
    </ClCompile>
    <ClCompile Include="guiComponent.cpp">
      <Filter>GuiEditor\Inspector</Filter>
    </ClCompile>
    <ClCompile Include="guiComboBox.cpp">
      <Filter>GuiEditor\_Widget</Filter>
    </ClCompile>
    <ClCompile Include="guiList.cpp">
      <Filter>GuiEditor\_Widget</Filter>
    </ClCompile>
    <ClCompile Include="guiTreeWidget.cpp">
      <Filter>GuiEditor\_Widget</Filter>
    </ClCompile>
    <ClCompile Include="guiResources.cpp">
      <Filter>GuiEditor\Resource</Filter>
    </ClCompile>
    <ClCompile Include="guiResource.cpp">
      <Filter>GuiEditor\Resource</Filter>
    </ClCompile>
    <ClCompile Include="guiDebugObject.cpp">
      <Filter>GuiEditor\DebugObject</Filter>
    </ClCompile>
    <ClCompile Include="guiEditorObject.cpp">
      <Filter>GuiEditor\DebugObject</Filter>
    </ClCompile>
    <ClCompile Include="guiTexture.cpp">
      <Filter>GuiEditor\Resource</Filter>
    </ClCompile>
    <ClCompile Include="guiMesh.cpp">
      <Filter>GuiEditor\Resource</Filter>
    </ClCompile>
    <ClCompile Include="guiMaterial.cpp">
      <Filter>GuiEditor\Resource</Filter>
    </ClCompile>
    <ClCompile Include="guiEntity.cpp">
      <Filter>GuiEditor\_Base</Filter>
    </ClCompile>
    <ClCompile Include="GameMainWindow.cpp">
      <Filter>High Level Interface</Filter>
    </ClCompile>
    <ClCompile Include="base64.cpp">
      <Filter>Common</Filter>
    </ClCompile>
    <ClCompile Include="IAnimator.cpp">
      <Filter>GameObject\Component\Animator</Filter>
    </ClCompile>
    <ClCompile Include="Com_Animator3D.cpp">
      <Filter>GameObject\Component\Animator</Filter>
    </ClCompile>
    <ClCompile Include="Animation3DShader.cpp">
      <Filter>GameObject\Component\Animator</Filter>
    </ClCompile>
    <ClCompile Include="ILight.cpp" />
  </ItemGroup>
  <ItemGroup>
    <ClInclude Include="Application.h">
      <Filter>High Level Interface</Filter>
    </ClInclude>
    <ClInclude Include="Entity.h">
      <Filter>Common</Filter>
    </ClInclude>
    <ClInclude Include="PCH_Engine.h">
      <Filter>Common</Filter>
    </ClInclude>
    <ClInclude Include="GameObject.h">
      <Filter>GameObject</Filter>
    </ClInclude>
    <ClInclude Include="Mesh.h">
      <Filter>Resource\Mesh</Filter>
    </ClInclude>
    <ClInclude Include="IComponent.h">
      <Filter>GameObject\Component</Filter>
    </ClInclude>
    <ClInclude Include="Material.h">
      <Filter>Resource\Material</Filter>
    </ClInclude>
    <ClInclude Include="Texture.h">
      <Filter>Resource\Texture</Filter>
    </ClInclude>
    <ClInclude Include="IScript.h">
      <Filter>GameObject\Component\Script</Filter>
    </ClInclude>
    <ClInclude Include="Com_Renderer_Mesh.h">
      <Filter>GameObject\Component\Renderer</Filter>
    </ClInclude>
    <ClInclude Include="Script_Player.h">
      <Filter>GameObject\Component\Script\Contents</Filter>
    </ClInclude>
    <ClInclude Include="Com_Camera.h">
      <Filter>GameObject\Component\Camera</Filter>
    </ClInclude>
    <ClInclude Include="Script_Camera.h">
      <Filter>GameObject\Component\Script</Filter>
    </ClInclude>
    <ClInclude Include="Com_Renderer_Sprite.h">
      <Filter>GameObject\Component\Renderer</Filter>
    </ClInclude>
    <ClInclude Include="GridScript.h">
      <Filter>Resource\Script</Filter>
    </ClInclude>
    <ClInclude Include="Layer.h">
      <Filter>Scene\Layer</Filter>
    </ClInclude>
    <ClInclude Include="IScene.h">
      <Filter>Scene\Base</Filter>
    </ClInclude>
    <ClInclude Include="Prefab.h">
      <Filter>Resource\Prefab</Filter>
    </ClInclude>
    <ClInclude Include="ICollider2D.h">
      <Filter>GameObject\Component\Collider\2D</Filter>
    </ClInclude>
    <ClInclude Include="ICollider3D.h">
      <Filter>GameObject\Component\Collider\3D</Filter>
    </ClInclude>
    <ClInclude Include="ICollider.h">
      <Filter>GameObject\Component\Collider</Filter>
    </ClInclude>
    <ClInclude Include="Player.h">
      <Filter>GameObject\Component\Script\Contents</Filter>
    </ClInclude>
    <ClInclude Include="Monster.h">
      <Filter>GameObject\Component\Script\Contents</Filter>
    </ClInclude>
    <ClInclude Include="Com_Animator2D.h">
      <Filter>GameObject\Component\Animator</Filter>
    </ClInclude>
    <ClInclude Include="Animation2D.h">
      <Filter>GameObject\Component\Animator</Filter>
    </ClInclude>
    <ClInclude Include="PaintShader.h">
      <Filter>Resource\Shaders\Compute</Filter>
    </ClInclude>
    <ClInclude Include="ComputeShader.h">
      <Filter>Resource\Shaders\Compute\Base</Filter>
    </ClInclude>
    <ClInclude Include="Com_Light3D.h">
      <Filter>GameObject\Component\Light</Filter>
    </ClInclude>
    <ClInclude Include="ConstBuffer.h">
      <Filter>GPU\Buffer</Filter>
    </ClInclude>
    <ClInclude Include="StructBuffer.h">
      <Filter>GPU\Buffer</Filter>
    </ClInclude>
    <ClInclude Include="ParticleShader.h" />
    <ClInclude Include="Com_AudioListener.h">
      <Filter>GameObject\Component\Audio</Filter>
    </ClInclude>
    <ClInclude Include="FontWrapper.h">
      <Filter>FontWrapper</Filter>
    </ClInclude>
    <ClInclude Include="GPUBuffer.h">
      <Filter>GPU\Buffer</Filter>
    </ClInclude>
    <ClInclude Include="json-cpp\json.h">
      <Filter>JsonCPP</Filter>
    </ClInclude>
    <ClInclude Include="json-cpp\json-forwards.h">
      <Filter>JsonCPP</Filter>
    </ClInclude>
    <ClInclude Include="AtExit.h">
      <Filter>Common</Filter>
    </ClInclude>
    <ClInclude Include="Singleton.h">
      <Filter>Common</Filter>
    </ClInclude>
    <ClInclude Include="DefaultShaders.h">
      <Filter>Common</Filter>
    </ClInclude>
    <ClInclude Include="IShader.h">
      <Filter>Resource\Shaders</Filter>
    </ClInclude>
    <ClInclude Include="GraphicsShader.h">
      <Filter>Resource\Shaders\Graphics</Filter>
    </ClInclude>
    <ClInclude Include="define_Res.h">
      <Filter>Common\define</Filter>
    </ClInclude>
    <ClInclude Include="define_Macro.h">
      <Filter>Common\define</Filter>
    </ClInclude>
    <ClInclude Include="define_Struct.h">
      <Filter>Common\define</Filter>
    </ClInclude>
    <ClInclude Include="define_Enum.h">
      <Filter>Common\define</Filter>
    </ClInclude>
    <ClInclude Include="EnumFlags.h">
      <Filter>Common\define</Filter>
    </ClInclude>
    <ClInclude Include="define_Component.h">
      <Filter>Common\define</Filter>
    </ClInclude>
    <ClInclude Include="defines.h">
      <Filter>Common\define</Filter>
    </ClInclude>
    <ClInclude Include="Components.h">
      <Filter>GameObject\Component</Filter>
    </ClInclude>
    <ClInclude Include="ResMgr.h">
      <Filter>Manager</Filter>
    </ClInclude>
    <ClInclude Include="TimeMgr.h">
      <Filter>Manager</Filter>
    </ClInclude>
    <ClInclude Include="PathMgr.h">
      <Filter>Manager</Filter>
    </ClInclude>
    <ClInclude Include="Com_Renderer_ParticleSystem.h">
      <Filter>GameObject\Component\Renderer</Filter>
    </ClInclude>
    <ClInclude Include="IRes.h">
      <Filter>Resource</Filter>
    </ClInclude>
    <ClInclude Include="IRenderer.h">
      <Filter>GameObject\Component\Renderer</Filter>
    </ClInclude>
    <ClInclude Include="ComMgr.h">
      <Filter>Manager</Filter>
    </ClInclude>
    <ClInclude Include="DefaultComInitializer.h">
      <Filter>GameObject\Component</Filter>
    </ClInclude>
    <ClInclude Include="Com_Transform.h">
      <Filter>GameObject\Component\0. Transform</Filter>
    </ClInclude>
    <ClInclude Include="Com_AudioSource.h">
      <Filter>GameObject\Component\Audio</Filter>
    </ClInclude>
    <ClInclude Include="AudioClip.h">
      <Filter>Resource\Audio</Filter>
    </ClInclude>
    <ClInclude Include="RenderMgr.h">
      <Filter>Manager</Filter>
    </ClInclude>
    <ClInclude Include="GPUMgr.h">
      <Filter>Manager</Filter>
    </ClInclude>
    <ClInclude Include="Object.h">
      <Filter>Manager</Filter>
    </ClInclude>
    <ClInclude Include="AudioMgr.h">
      <Filter>Manager</Filter>
    </ClInclude>
    <ClInclude Include="define_GPU.h">
      <Filter>Common\define</Filter>
    </ClInclude>
    <ClInclude Include="MultiRenderTarget.h">
      <Filter>GPU</Filter>
    </ClInclude>
    <ClInclude Include="CollisionMgr.h">
      <Filter>Manager</Filter>
    </ClInclude>
    <ClInclude Include="InputMgr.h">
      <Filter>Manager</Filter>
    </ClInclude>
    <ClInclude Include="json-cpp\jsonSaveLoad.h">
      <Filter>JsonCPP</Filter>
    </ClInclude>
    <ClInclude Include="define_Util.h">
      <Filter>Common\define</Filter>
    </ClInclude>
    <ClInclude Include="SimpleMath.h">
      <Filter>Common\Math</Filter>
    </ClInclude>
    <ClInclude Include="MeshData.h">
      <Filter>Resource\Mesh</Filter>
    </ClInclude>
    <ClInclude Include="FBXLoader.h" />
    <ClInclude Include="SceneMgr.h">
      <Filter>Manager</Filter>
    </ClInclude>
    <ClInclude Include="imgui\imconfig.h">
      <Filter>ImGui</Filter>
    </ClInclude>
    <ClInclude Include="imgui\imgui.h">
      <Filter>ImGui</Filter>
    </ClInclude>
    <ClInclude Include="imgui\imgui_impl_dx11.h">
      <Filter>ImGui</Filter>
    </ClInclude>
    <ClInclude Include="imgui\imgui_impl_win32.h">
      <Filter>ImGui</Filter>
    </ClInclude>
    <ClInclude Include="imgui\imgui_internal.h">
      <Filter>ImGui</Filter>
    </ClInclude>
    <ClInclude Include="imgui\imgui_stdlib.h">
      <Filter>ImGui</Filter>
    </ClInclude>
    <ClInclude Include="imgui\imstb_rectpack.h">
      <Filter>ImGui</Filter>
    </ClInclude>
    <ClInclude Include="imgui\imstb_textedit.h">
      <Filter>ImGui</Filter>
    </ClInclude>
    <ClInclude Include="imgui\imstb_truetype.h">
      <Filter>ImGui</Filter>
    </ClInclude>
    <ClInclude Include="guiTree_GameObject.h">
      <Filter>GuiEditor</Filter>
    </ClInclude>
    <ClInclude Include="guiConsole.h">
      <Filter>GuiEditor</Filter>
    </ClInclude>
    <ClInclude Include="guiGame.h">
      <Filter>GuiEditor</Filter>
    </ClInclude>
    <ClInclude Include="guiGraphicsShaderEditor.h">
      <Filter>GuiEditor</Filter>
    </ClInclude>
    <ClInclude Include="guiInspector.h">
      <Filter>GuiEditor</Filter>
    </ClInclude>
    <ClInclude Include="guiMainMenu.h">
      <Filter>GuiEditor</Filter>
    </ClInclude>
    <ClInclude Include="guiMgr.h">
      <Filter>Manager</Filter>
    </ClInclude>
    <ClInclude Include="guiBase.h">
      <Filter>GuiEditor\_Base</Filter>
    </ClInclude>
    <ClInclude Include="guiChild.h">
      <Filter>GuiEditor\_Base</Filter>
    </ClInclude>
    <ClInclude Include="guiWindow.h">
      <Filter>GuiEditor\_Base</Filter>
    </ClInclude>
    <ClInclude Include="strKey_gui.h">
      <Filter>GuiEditor\_Base</Filter>
    </ClInclude>
    <ClInclude Include="guiCom_Transform.h">
      <Filter>GuiEditor\Inspector</Filter>
    </ClInclude>
    <ClInclude Include="guiCom_Renderer.h">
      <Filter>GuiEditor\Inspector</Filter>
    </ClInclude>
    <ClInclude Include="guiComponent.h">
      <Filter>GuiEditor\Inspector</Filter>
    </ClInclude>
    <ClInclude Include="guiComboBox.h">
      <Filter>GuiEditor\_Widget</Filter>
    </ClInclude>
    <ClInclude Include="guiList.h">
      <Filter>GuiEditor\_Widget</Filter>
    </ClInclude>
    <ClInclude Include="guiTreeWidget.h">
      <Filter>GuiEditor\_Widget</Filter>
    </ClInclude>
    <ClInclude Include="guiResources.h">
      <Filter>GuiEditor\Resource</Filter>
    </ClInclude>
    <ClInclude Include="guiResource.h">
      <Filter>GuiEditor\Resource</Filter>
    </ClInclude>
    <ClInclude Include="guiDebugObject.h">
      <Filter>GuiEditor\DebugObject</Filter>
    </ClInclude>
    <ClInclude Include="guiEditorObject.h">
      <Filter>GuiEditor\DebugObject</Filter>
    </ClInclude>
    <ClInclude Include="guiTexture.h">
      <Filter>GuiEditor\Resource</Filter>
    </ClInclude>
    <ClInclude Include="guiMesh.h">
      <Filter>GuiEditor\Resource</Filter>
    </ClInclude>
    <ClInclude Include="guiMaterial.h">
      <Filter>GuiEditor\Resource</Filter>
    </ClInclude>
    <ClInclude Include="guiEntity.h">
      <Filter>GuiEditor\_Base</Filter>
    </ClInclude>
    <ClInclude Include="GameMainWindow.h">
      <Filter>High Level Interface</Filter>
    </ClInclude>
    <ClInclude Include="resource.h">
      <Filter>Common\WindowResource</Filter>
    </ClInclude>
    <ClInclude Include="base64.h">
      <Filter>Common</Filter>
    </ClInclude>
    <ClInclude Include="IAnimator.h">
      <Filter>GameObject\Component\Animator</Filter>
    </ClInclude>
    <ClInclude Include="Com_Animator3D.h">
      <Filter>GameObject\Component\Animator</Filter>
    </ClInclude>
    <ClInclude Include="Animation3DShader.h">
      <Filter>GameObject\Component\Animator</Filter>
    </ClInclude>
    <ClInclude Include="ILight.h" />
  </ItemGroup>
  <ItemGroup>
    <None Include="cpp.hint">
      <Filter>Common</Filter>
    </None>
    <None Include="DefaultShader\SH_Func_Blur.hlsli">
      <Filter>_DefaultShader</Filter>
    </None>
    <None Include="DefaultShader\SH_Common.hlsli">
      <Filter>_DefaultShader</Filter>
    </None>
    <None Include="DefaultShader\SH_ConstBuffer.hlsli">
      <Filter>_DefaultShader</Filter>
    </None>
    <None Include="DefaultShader\SH_Func_DecodeColor.hlsli">
      <Filter>_DefaultShader</Filter>
    </None>
    <None Include="DefaultShader\SH_Globals.hlsli">
      <Filter>_DefaultShader</Filter>
    </None>
    <None Include="DefaultShader\SH_Resource.hlsli">
      <Filter>_DefaultShader</Filter>
    </None>
    <None Include="DefaultShader\SH_Sampler.hlsli">
      <Filter>_DefaultShader</Filter>
    </None>
    <None Include="DefaultShader\SH_Deffered.hlsli">
      <Filter>_DefaultShader\Deffered</Filter>
    </None>
    <None Include="DefaultShader\SH_Grid.hlsli">
      <Filter>_DefaultShader\Grid</Filter>
    </None>
    <None Include="DefaultShader\SH_LightDir.hlsli">
      <Filter>_DefaultShader\Light</Filter>
    </None>
    <None Include="DefaultShader\SH_LightPoint.hlsli">
      <Filter>_DefaultShader\Light</Filter>
    </None>
    <None Include="DefaultShader\SH_Func_Light.hlsli">
      <Filter>_DefaultShader\Light</Filter>
    </None>
    <None Include="DefaultShader\SH_PostProcess.hlsli">
      <Filter>_DefaultShader\PostProcess</Filter>
    </None>
    <None Include="DefaultShader\SH_Particle.hlsli">
      <Filter>_DefaultShader\Particle</Filter>
    </None>
    <None Include="DefaultShader\SH_Merge.hlsli">
      <Filter>_DefaultShader\Deffered</Filter>
    </None>
    <None Include="DefaultShader\SH_Basic3D.hlsli">
      <Filter>_DefaultShader\Basic3D</Filter>
    </None>
    <None Include="SimpleMath.inl">
      <Filter>Common\Math</Filter>
    </None>
    <None Include="DefaultShader\SH_CommonStruct.hlsli">
      <Filter>_DefaultShader</Filter>
    </None>
    <None Include="DefaultShader\SH_Functions.hlsli">
      <Filter>_DefaultShader</Filter>
    </None>
    <None Include="DefaultShader\SH_Func_Animation3D.hlsli">
      <Filter>_DefaultShader</Filter>
    </None>
  </ItemGroup>
  <ItemGroup>
    <FxCompile Include="DefaultShader\CS_Paint.hlsl">
      <Filter>_DefaultShader</Filter>
    </FxCompile>
    <FxCompile Include="DefaultShader\_0VS_Basic3D.hlsl">
      <Filter>_DefaultShader\Basic3D</Filter>
    </FxCompile>
    <FxCompile Include="DefaultShader\_0VS_Debug.hlsl">
      <Filter>_DefaultShader\Debug</Filter>
    </FxCompile>
    <FxCompile Include="DefaultShader\_0VS_Deffered.hlsl">
      <Filter>_DefaultShader\Deffered</Filter>
    </FxCompile>
    <FxCompile Include="DefaultShader\_0VS_Grid.hlsl">
      <Filter>_DefaultShader\Grid</Filter>
    </FxCompile>
    <FxCompile Include="DefaultShader\_0VS_LightDir.hlsl">
      <Filter>_DefaultShader\Light</Filter>
    </FxCompile>
    <FxCompile Include="DefaultShader\_0VS_LightPoint.hlsl">
      <Filter>_DefaultShader\Light</Filter>
    </FxCompile>
    <FxCompile Include="DefaultShader\_0VS_Merge.hlsl">
      <Filter>_DefaultShader\Deffered</Filter>
    </FxCompile>
    <FxCompile Include="DefaultShader\_0VS_Particle.hlsl">
      <Filter>_DefaultShader\Particle</Filter>
    </FxCompile>
    <FxCompile Include="DefaultShader\_0VS_PostProcess.hlsl">
      <Filter>_DefaultShader\PostProcess</Filter>
    </FxCompile>
    <FxCompile Include="DefaultShader\_0VS_Sprite.hlsl">
      <Filter>_DefaultShader\Sprite</Filter>
    </FxCompile>
    <FxCompile Include="DefaultShader\_0VS_Triangle.hlsl">
      <Filter>_DefaultShader\Triangle</Filter>
    </FxCompile>
    <FxCompile Include="DefaultShader\_0VS_UserInterface.hlsl">
      <Filter>_DefaultShader\UI</Filter>
    </FxCompile>
    <FxCompile Include="DefaultShader\_3GS_Particle.hlsl">
      <Filter>_DefaultShader\Particle</Filter>
    </FxCompile>
    <FxCompile Include="DefaultShader\_4PS_Basic3D.hlsl">
      <Filter>_DefaultShader\Basic3D</Filter>
    </FxCompile>
    <FxCompile Include="DefaultShader\_4PS_Debug.hlsl">
      <Filter>_DefaultShader\Debug</Filter>
    </FxCompile>
    <FxCompile Include="DefaultShader\_4PS_Deffered.hlsl">
      <Filter>_DefaultShader\Deffered</Filter>
    </FxCompile>
    <FxCompile Include="DefaultShader\_4PS_Grid.hlsl">
      <Filter>_DefaultShader\Grid</Filter>
    </FxCompile>
    <FxCompile Include="DefaultShader\_4PS_LightDir.hlsl">
      <Filter>_DefaultShader\Light</Filter>
    </FxCompile>
    <FxCompile Include="DefaultShader\_4PS_LightPoint.hlsl">
      <Filter>_DefaultShader\Light</Filter>
    </FxCompile>
    <FxCompile Include="DefaultShader\_4PS_Merge.hlsl">
      <Filter>_DefaultShader\Deffered</Filter>
    </FxCompile>
    <FxCompile Include="DefaultShader\_4PS_Particle.hlsl">
      <Filter>_DefaultShader\Particle</Filter>
    </FxCompile>
    <FxCompile Include="DefaultShader\_4PS_PostProcess.hlsl">
      <Filter>_DefaultShader\PostProcess</Filter>
    </FxCompile>
    <FxCompile Include="DefaultShader\_4PS_Sprite.hlsl">
      <Filter>_DefaultShader\Sprite</Filter>
    </FxCompile>
    <FxCompile Include="DefaultShader\_4PS_Triangle.hlsl">
      <Filter>_DefaultShader\Triangle</Filter>
    </FxCompile>
    <FxCompile Include="DefaultShader\_4PS_UserInterface.hlsl">
      <Filter>_DefaultShader\UI</Filter>
    </FxCompile>
    <FxCompile Include="DefaultShader\CS_Particle.hlsl">
      <Filter>_DefaultShader\Particle</Filter>
    </FxCompile>
    <FxCompile Include="DefaultShader\CS_Animation3D.hlsl">
      <Filter>_DefaultShader\Animation 3D</Filter>
    </FxCompile>
  </ItemGroup>
  <ItemGroup>
    <ResourceCompile Include="Engine.rc">
      <Filter>Common\WindowResource</Filter>
    </ResourceCompile>
  </ItemGroup>
</Project>