<?xml version="1.0" encoding="utf-8"?>
<Project ToolsVersion="4.0" xmlns="http://schemas.microsoft.com/developer/msbuild/2003">
  <ItemGroup>
    <Filter Include="Common">
      <UniqueIdentifier>{0bc27fa8-afac-4a02-8354-f8ac7e3056e0}</UniqueIdentifier>
    </Filter>
    <Filter Include="High Level Interface">
      <UniqueIdentifier>{ef2cc17f-dc8c-4713-acb5-11a43c435929}</UniqueIdentifier>
    </Filter>
    <Filter Include="Common\Math">
      <UniqueIdentifier>{8f5edaa5-ad5d-423a-bc41-5e68a8621da5}</UniqueIdentifier>
    </Filter>
    <Filter Include="Resource">
      <UniqueIdentifier>{767d4264-e56a-430c-8c2d-f49d85c35b59}</UniqueIdentifier>
    </Filter>
    <Filter Include="Time">
      <UniqueIdentifier>{d5cea299-11de-49f8-9c0c-c110056dd303}</UniqueIdentifier>
    </Filter>
    <Filter Include="Input">
      <UniqueIdentifier>{cd4b9eba-c6cf-46a9-a814-89a620c95213}</UniqueIdentifier>
    </Filter>
    <Filter Include="Scene">
      <UniqueIdentifier>{976687b1-0493-449e-87e3-f6bf27d49c71}</UniqueIdentifier>
    </Filter>
    <Filter Include="GameObject">
      <UniqueIdentifier>{68d11966-8044-4e2a-abef-cc0a1a1642f3}</UniqueIdentifier>
    </Filter>
    <Filter Include="Resource\Mesh">
      <UniqueIdentifier>{5ddde7d6-5dbf-4474-8ff2-f014eaefe47e}</UniqueIdentifier>
    </Filter>
    <Filter Include="Resource\Manager">
      <UniqueIdentifier>{566c056d-bc1c-4a66-9874-1eb8b38721ee}</UniqueIdentifier>
    </Filter>
    <Filter Include="Resource\Material">
      <UniqueIdentifier>{b120460a-4944-428f-b9a0-e7253c288eab}</UniqueIdentifier>
    </Filter>
    <Filter Include="Resource\Texture">
      <UniqueIdentifier>{2e19c4b5-25ef-434b-bb7c-23ab21873a44}</UniqueIdentifier>
    </Filter>
    <Filter Include="Resource\Script">
      <UniqueIdentifier>{bd5eb4ff-9f54-4ada-b23b-dd4130c98faf}</UniqueIdentifier>
    </Filter>
    <Filter Include="Scene\Base">
      <UniqueIdentifier>{2bf45b05-0f71-4108-ade3-0f445677916d}</UniqueIdentifier>
    </Filter>
    <Filter Include="Scene\Layer">
      <UniqueIdentifier>{1e71bc42-a7cc-46d6-9577-a9d25d0f359c}</UniqueIdentifier>
    </Filter>
    <Filter Include="Scene\Manager">
      <UniqueIdentifier>{ed02c5d8-b13c-4afe-85b6-3e56a722014f}</UniqueIdentifier>
    </Filter>
    <Filter Include="Resource\Prefab">
      <UniqueIdentifier>{b366b499-a62e-4505-9f52-19a691c5fba5}</UniqueIdentifier>
    </Filter>
    <Filter Include="Resource\Audio">
      <UniqueIdentifier>{13b8c314-e2ea-4ff9-835d-52a7f0aca2a5}</UniqueIdentifier>
    </Filter>
    <Filter Include="FontWrapper">
      <UniqueIdentifier>{21b1b362-6e4d-4257-9449-c22529d2b35d}</UniqueIdentifier>
    </Filter>
    <Filter Include="JsonCPP">
      <UniqueIdentifier>{8999b6ba-42f6-4ffd-bf94-77b6220cb4dc}</UniqueIdentifier>
    </Filter>
    <Filter Include="Default HLSL">
      <UniqueIdentifier>{1587745f-0e8d-4a49-99cd-34f3fcc7f1d8}</UniqueIdentifier>
    </Filter>
    <Filter Include="Manager">
      <UniqueIdentifier>{e30f37b2-b57a-4eaf-8f8e-4f5e39da69f2}</UniqueIdentifier>
    </Filter>
    <Filter Include="Default HLSL\Basic">
      <UniqueIdentifier>{2adb82e1-5f22-46c3-a5da-0d7e5d44b3a9}</UniqueIdentifier>
    </Filter>
    <Filter Include="Default HLSL\Func">
      <UniqueIdentifier>{1525a989-93b1-4230-8a73-19c8920caa61}</UniqueIdentifier>
    </Filter>
    <Filter Include="Default HLSL\Debug">
      <UniqueIdentifier>{b39a4fae-8739-4b21-861f-f7c841a93a08}</UniqueIdentifier>
    </Filter>
    <Filter Include="Default HLSL\Grid">
      <UniqueIdentifier>{e8e80722-fac3-4961-99e8-24d1cd7da7f7}</UniqueIdentifier>
    </Filter>
    <Filter Include="Default HLSL\Light">
      <UniqueIdentifier>{1a4442f2-56d4-48ba-9103-265cb4de05f5}</UniqueIdentifier>
    </Filter>
    <Filter Include="Default HLSL\Particle">
      <UniqueIdentifier>{0b66c208-bf9e-408d-99b7-e5669fc35533}</UniqueIdentifier>
    </Filter>
    <Filter Include="Default HLSL\PostProcess">
      <UniqueIdentifier>{73d94a25-d679-4f51-9399-88f2843a4596}</UniqueIdentifier>
    </Filter>
    <Filter Include="Default HLSL\Triangle">
      <UniqueIdentifier>{b5968184-c3cc-4eba-b9b7-6a870e58f633}</UniqueIdentifier>
    </Filter>
    <Filter Include="Default HLSL\Sprite">
      <UniqueIdentifier>{5b1da4e4-3080-4a5f-b341-5cbc1034b747}</UniqueIdentifier>
    </Filter>
    <Filter Include="Default HLSL\UserInterface">
      <UniqueIdentifier>{4cd66c69-9aa2-47f4-b155-83a9f01a43f6}</UniqueIdentifier>
    </Filter>
    <Filter Include="Default HLSL\ComputeShader">
      <UniqueIdentifier>{245c7a15-9423-486f-941f-a4b3cf54ce3c}</UniqueIdentifier>
    </Filter>
    <Filter Include="GPU">
      <UniqueIdentifier>{84407bf0-b431-49e7-b0cd-167e818415ab}</UniqueIdentifier>
    </Filter>
    <Filter Include="GPU\Buffer">
      <UniqueIdentifier>{b9697f64-adc5-45fb-b641-4131688e3073}</UniqueIdentifier>
    </Filter>
    <Filter Include="GPU\API">
      <UniqueIdentifier>{afdf7dd2-7ae1-4a73-be9e-835569536d5a}</UniqueIdentifier>
    </Filter>
    <Filter Include="Resource\Shaders">
      <UniqueIdentifier>{dce3eb15-75d6-4644-8a32-cf9d11564bb1}</UniqueIdentifier>
    </Filter>
    <Filter Include="Resource\Shaders\Compute">
      <UniqueIdentifier>{107a3f26-c3c5-4ea8-a106-cdf993577762}</UniqueIdentifier>
    </Filter>
    <Filter Include="Resource\Shaders\Compute\Base">
      <UniqueIdentifier>{82c69a64-ee51-4444-9a9e-4a866b36d916}</UniqueIdentifier>
    </Filter>
    <Filter Include="Resource\Shaders\Graphics">
      <UniqueIdentifier>{f6d54454-faa4-4b11-8592-0408c79bef47}</UniqueIdentifier>
    </Filter>
    <Filter Include="Common\define">
      <UniqueIdentifier>{db0f6041-2434-4f35-bd27-dbe1b692a9db}</UniqueIdentifier>
    </Filter>
    <Filter Include="GameObject\Component">
      <UniqueIdentifier>{d54e1d46-871f-40f8-ad58-0a2d4ec246e6}</UniqueIdentifier>
    </Filter>
    <Filter Include="GameObject\Component\Script">
      <UniqueIdentifier>{5d1a9b1c-e367-41ff-827a-0670e743acf2}</UniqueIdentifier>
    </Filter>
    <Filter Include="GameObject\Component\Script\Contents">
      <UniqueIdentifier>{0c9e0d2f-bd3f-44cc-a073-834f8bdf9d93}</UniqueIdentifier>
    </Filter>
    <Filter Include="GameObject\Component\Renderer">
      <UniqueIdentifier>{6cbbc9fb-29a5-4e89-a66a-edbeee8d0a1a}</UniqueIdentifier>
    </Filter>
    <Filter Include="GameObject\Component\Camera">
      <UniqueIdentifier>{d5d09f34-c98b-40e4-9959-3f7e7df27f01}</UniqueIdentifier>
    </Filter>
    <Filter Include="GameObject\Component\Collider">
      <UniqueIdentifier>{92b865c2-1040-44bb-9ddb-b9ebff3bccbe}</UniqueIdentifier>
    </Filter>
    <Filter Include="GameObject\Component\Collider\2D">
      <UniqueIdentifier>{51ad1f08-b1a8-4cce-a84d-49b9b06e11a9}</UniqueIdentifier>
    </Filter>
    <Filter Include="GameObject\Component\Collider\3D">
      <UniqueIdentifier>{6b267699-3830-4c57-89d0-68c916e6fb9a}</UniqueIdentifier>
    </Filter>
    <Filter Include="GameObject\Component\Animator">
      <UniqueIdentifier>{5617f228-a6b1-4d89-8a60-2aea1ca48f8c}</UniqueIdentifier>
    </Filter>
    <Filter Include="GameObject\Component\Light">
      <UniqueIdentifier>{8a4cefad-b3b9-4953-99ce-2821de45ba85}</UniqueIdentifier>
    </Filter>
    <Filter Include="GameObject\Component\Audio">
      <UniqueIdentifier>{326cbbf6-1cb8-4ba7-bc32-aa2759b923f9}</UniqueIdentifier>
    </Filter>
    <Filter Include="GameObject\Component\0. Transform">
      <UniqueIdentifier>{62546181-5d07-413f-a9e5-329a0986165d}</UniqueIdentifier>
    </Filter>
  </ItemGroup>
  <ItemGroup>
    <ClCompile Include="Application.cpp">
      <Filter>High Level Interface</Filter>
    </ClCompile>
    <ClCompile Include="SimpleMath.cpp">
      <Filter>Common\Math</Filter>
    </ClCompile>
    <ClCompile Include="Input.cpp">
      <Filter>Input</Filter>
    </ClCompile>
    <ClCompile Include="Entity.cpp">
      <Filter>Common</Filter>
    </ClCompile>
    <ClCompile Include="GameObject.cpp">
      <Filter>GameObject</Filter>
    </ClCompile>
    <ClCompile Include="Mesh.cpp">
      <Filter>Resource\Mesh</Filter>
    </ClCompile>
    <ClCompile Include="Material.cpp">
      <Filter>Resource\Material</Filter>
    </ClCompile>
    <ClCompile Include="Texture.cpp">
      <Filter>Resource\Texture</Filter>
    </ClCompile>
    <ClCompile Include="IScript.cpp">
      <Filter>GameObject\Component\Script</Filter>
    </ClCompile>
    <ClCompile Include="Com_Renderer_Mesh.cpp">
      <Filter>GameObject\Component\Renderer</Filter>
    </ClCompile>
    <ClCompile Include="Script_Player.cpp">
      <Filter>GameObject\Component\Script\Contents</Filter>
    </ClCompile>
    <ClCompile Include="Com_Camera.cpp">
      <Filter>GameObject\Component\Camera</Filter>
    </ClCompile>
    <ClCompile Include="Script_Camera.cpp">
      <Filter>GameObject\Component\Script</Filter>
    </ClCompile>
    <ClCompile Include="Com_Renderer_Sprite.cpp">
      <Filter>GameObject\Component\Renderer</Filter>
    </ClCompile>
    <ClCompile Include="GridScript.cpp">
      <Filter>Resource\Script</Filter>
    </ClCompile>
    <ClCompile Include="PlayScene.cpp">
      <Filter>Scene</Filter>
    </ClCompile>
    <ClCompile Include="TitleScene.cpp">
      <Filter>Scene</Filter>
    </ClCompile>
    <ClCompile Include="Layer.cpp">
      <Filter>Scene\Layer</Filter>
    </ClCompile>
    <ClCompile Include="Scene.cpp">
      <Filter>Scene\Base</Filter>
    </ClCompile>
    <ClCompile Include="SceneManager.cpp">
      <Filter>Scene\Manager</Filter>
    </ClCompile>
    <ClCompile Include="Prefab.cpp">
      <Filter>Resource\Prefab</Filter>
    </ClCompile>
    <ClCompile Include="ICollider2D.cpp">
      <Filter>GameObject\Component\Collider\2D</Filter>
    </ClCompile>
    <ClCompile Include="ICollider3D.cpp">
      <Filter>GameObject\Component\Collider\3D</Filter>
    </ClCompile>
    <ClCompile Include="ICollider.cpp">
      <Filter>GameObject\Component\Collider</Filter>
    </ClCompile>
    <ClCompile Include="Player.cpp">
      <Filter>GameObject\Component\Script\Contents</Filter>
    </ClCompile>
    <ClCompile Include="Monster.cpp">
      <Filter>GameObject\Component\Script\Contents</Filter>
    </ClCompile>
    <ClCompile Include="Animation.cpp">
      <Filter>GameObject\Component\Animator</Filter>
    </ClCompile>
    <ClCompile Include="Com_Animator.cpp">
      <Filter>GameObject\Component\Animator</Filter>
    </ClCompile>
    <ClCompile Include="PaintShader.cpp">
      <Filter>Resource\Shaders\Compute</Filter>
    </ClCompile>
    <ClCompile Include="ComputeShader.cpp">
      <Filter>Resource\Shaders\Compute\Base</Filter>
    </ClCompile>
    <ClCompile Include="Com_Light.cpp">
      <Filter>GameObject\Component\Light</Filter>
    </ClCompile>
    <ClCompile Include="ConstBuffer.cpp">
      <Filter>GPU\Buffer</Filter>
    </ClCompile>
    <ClCompile Include="StructBuffer.cpp">
      <Filter>GPU\Buffer</Filter>
    </ClCompile>
    <ClCompile Include="GraphicDevice_DX11.cpp">
      <Filter>GPU\API</Filter>
    </ClCompile>
    <ClCompile Include="ParticleShader.cpp" />
    <ClCompile Include="Com_AudioListener.cpp">
      <Filter>GameObject\Component\Audio</Filter>
    </ClCompile>
    <ClCompile Include="Fmod.cpp">
      <Filter>GameObject\Component\Audio</Filter>
    </ClCompile>
    <ClCompile Include="FontWrapper.cpp">
      <Filter>FontWrapper</Filter>
    </ClCompile>
    <ClCompile Include="GPUBuffer.cpp">
      <Filter>GPU\Buffer</Filter>
    </ClCompile>
    <ClCompile Include="EnginePCH.cpp">
      <Filter>Common</Filter>
    </ClCompile>
    <ClCompile Include="json-cpp\jsoncpp.cpp">
      <Filter>JsonCPP</Filter>
    </ClCompile>
    <ClCompile Include="Func.cpp" />
    <ClCompile Include="AtExit.cpp">
      <Filter>Common</Filter>
    </ClCompile>
    <ClCompile Include="IShader.cpp">
      <Filter>Resource\Shaders</Filter>
    </ClCompile>
    <ClCompile Include="GraphicsShader.cpp">
      <Filter>Resource\Shaders\Graphics</Filter>
    </ClCompile>
    <ClCompile Include="IComponent.cpp">
      <Filter>GameObject\Component</Filter>
    </ClCompile>
    <ClCompile Include="MeshData.cpp" />
    <ClCompile Include="ResMgr.cpp">
      <Filter>Manager</Filter>
    </ClCompile>
    <ClCompile Include="TimeMgr.cpp">
      <Filter>Manager</Filter>
    </ClCompile>
    <ClCompile Include="PathMgr.cpp">
      <Filter>Manager</Filter>
    </ClCompile>
    <ClCompile Include="Com_Renderer_ParticleSystem.cpp">
      <Filter>GameObject\Component\Renderer</Filter>
    </ClCompile>
    <ClCompile Include="IRes.cpp">
      <Filter>Resource</Filter>
    </ClCompile>
    <ClCompile Include="IRenderer.cpp">
      <Filter>GameObject\Component\Renderer</Filter>
    </ClCompile>
    <ClCompile Include="ComMgr.cpp">
      <Filter>Manager</Filter>
    </ClCompile>
    <ClCompile Include="DefaultComInitializer.cpp">
      <Filter>GameObject\Component</Filter>
    </ClCompile>
    <ClCompile Include="Com_Transform.cpp">
      <Filter>GameObject\Component\0. Transform</Filter>
    </ClCompile>
    <ClCompile Include="Com_AudioSource.cpp">
      <Filter>GameObject\Component\Audio</Filter>
    </ClCompile>
    <ClCompile Include="AudioClip.cpp">
      <Filter>Resource\Audio</Filter>
    </ClCompile>
    <ClCompile Include="CollisionMgr.cpp" />
    <ClCompile Include="RenderMgr.cpp">
      <Filter>Manager</Filter>
    </ClCompile>
  </ItemGroup>
  <ItemGroup>
    <ClInclude Include="Application.h">
      <Filter>High Level Interface</Filter>
    </ClInclude>
    <ClInclude Include="SimpleMath.h">
      <Filter>Common\Math</Filter>
    </ClInclude>
    <ClInclude Include="Input.h">
      <Filter>Input</Filter>
    </ClInclude>
    <ClInclude Include="Entity.h">
      <Filter>Common</Filter>
    </ClInclude>
    <ClInclude Include="define_GPU.h">
      <Filter>GPU</Filter>
    </ClInclude>
    <ClInclude Include="EnginePCH.h">
      <Filter>Common</Filter>
    </ClInclude>
    <ClInclude Include="GameObject.h">
      <Filter>GameObject</Filter>
    </ClInclude>
    <ClInclude Include="Mesh.h">
      <Filter>Resource\Mesh</Filter>
    </ClInclude>
    <ClInclude Include="IComponent.h">
      <Filter>GameObject\Component</Filter>
    </ClInclude>
    <ClInclude Include="Material.h">
      <Filter>Resource\Material</Filter>
    </ClInclude>
    <ClInclude Include="Texture.h">
      <Filter>Resource\Texture</Filter>
    </ClInclude>
    <ClInclude Include="IScript.h">
      <Filter>GameObject\Component\Script</Filter>
    </ClInclude>
    <ClInclude Include="Com_Renderer_Mesh.h">
      <Filter>GameObject\Component\Renderer</Filter>
    </ClInclude>
    <ClInclude Include="Script_Player.h">
      <Filter>GameObject\Component\Script\Contents</Filter>
    </ClInclude>
    <ClInclude Include="Com_Camera.h">
      <Filter>GameObject\Component\Camera</Filter>
    </ClInclude>
    <ClInclude Include="Script_Camera.h">
      <Filter>GameObject\Component\Script</Filter>
    </ClInclude>
    <ClInclude Include="Com_Renderer_Sprite.h">
      <Filter>GameObject\Component\Renderer</Filter>
    </ClInclude>
    <ClInclude Include="Object.h">
      <Filter>GameObject</Filter>
    </ClInclude>
    <ClInclude Include="GridScript.h">
      <Filter>Resource\Script</Filter>
    </ClInclude>
    <ClInclude Include="TitleScene.h">
      <Filter>Scene</Filter>
    </ClInclude>
    <ClInclude Include="PlayScene.h">
      <Filter>Scene</Filter>
    </ClInclude>
    <ClInclude Include="Layer.h">
      <Filter>Scene\Layer</Filter>
    </ClInclude>
    <ClInclude Include="Scene.h">
      <Filter>Scene\Base</Filter>
    </ClInclude>
    <ClInclude Include="SceneManager.h">
      <Filter>Scene\Manager</Filter>
    </ClInclude>
    <ClInclude Include="Prefab.h">
      <Filter>Resource\Prefab</Filter>
    </ClInclude>
    <ClInclude Include="ICollider2D.h">
      <Filter>GameObject\Component\Collider\2D</Filter>
    </ClInclude>
    <ClInclude Include="ICollider3D.h">
      <Filter>GameObject\Component\Collider\3D</Filter>
    </ClInclude>
    <ClInclude Include="ICollider.h">
      <Filter>GameObject\Component\Collider</Filter>
    </ClInclude>
    <ClInclude Include="Player.h">
      <Filter>GameObject\Component\Script\Contents</Filter>
    </ClInclude>
    <ClInclude Include="Monster.h">
      <Filter>GameObject\Component\Script\Contents</Filter>
    </ClInclude>
    <ClInclude Include="Com_Animator.h">
      <Filter>GameObject\Component\Animator</Filter>
    </ClInclude>
    <ClInclude Include="Animation.h">
      <Filter>GameObject\Component\Animator</Filter>
    </ClInclude>
    <ClInclude Include="PaintShader.h">
      <Filter>Resource\Shaders\Compute</Filter>
    </ClInclude>
    <ClInclude Include="ComputeShader.h">
      <Filter>Resource\Shaders\Compute\Base</Filter>
    </ClInclude>
    <ClInclude Include="Com_Light.h">
      <Filter>GameObject\Component\Light</Filter>
    </ClInclude>
    <ClInclude Include="ConstBuffer.h">
      <Filter>GPU\Buffer</Filter>
    </ClInclude>
    <ClInclude Include="StructBuffer.h">
      <Filter>GPU\Buffer</Filter>
    </ClInclude>
    <ClInclude Include="GraphicDevice_DX11.h">
      <Filter>GPU\API</Filter>
    </ClInclude>
    <ClInclude Include="ParticleShader.h" />
    <ClInclude Include="Com_AudioListener.h">
      <Filter>GameObject\Component\Audio</Filter>
    </ClInclude>
    <ClInclude Include="Fmod.h">
      <Filter>GameObject\Component\Audio</Filter>
    </ClInclude>
    <ClInclude Include="FontWrapper.h">
      <Filter>FontWrapper</Filter>
    </ClInclude>
    <ClInclude Include="GPUBuffer.h">
      <Filter>GPU\Buffer</Filter>
    </ClInclude>
    <ClInclude Include="json-cpp\json.h">
      <Filter>JsonCPP</Filter>
    </ClInclude>
    <ClInclude Include="json-cpp\json-forwards.h">
      <Filter>JsonCPP</Filter>
    </ClInclude>
    <ClInclude Include="Func.h" />
    <ClInclude Include="AtExit.h">
      <Filter>Common</Filter>
    </ClInclude>
    <ClInclude Include="Singleton.h">
      <Filter>Common</Filter>
    </ClInclude>
    <ClInclude Include="DefaultShaders.h">
      <Filter>Common</Filter>
    </ClInclude>
    <ClInclude Include="IShader.h">
      <Filter>Resource\Shaders</Filter>
    </ClInclude>
    <ClInclude Include="GraphicsShader.h">
      <Filter>Resource\Shaders\Graphics</Filter>
    </ClInclude>
    <ClInclude Include="define_Res.h">
      <Filter>Common\define</Filter>
    </ClInclude>
    <ClInclude Include="define_Macro.h">
      <Filter>Common\define</Filter>
    </ClInclude>
    <ClInclude Include="define_Struct.h">
      <Filter>Common\define</Filter>
    </ClInclude>
    <ClInclude Include="define_Enum.h">
      <Filter>Common\define</Filter>
    </ClInclude>
    <ClInclude Include="EnumFlags.h">
      <Filter>Common\define</Filter>
    </ClInclude>
    <ClInclude Include="define_Component.h">
      <Filter>Common\define</Filter>
    </ClInclude>
    <ClInclude Include="MeshData.h" />
    <ClInclude Include="defines.h">
      <Filter>Common\define</Filter>
    </ClInclude>
    <ClInclude Include="Components.h">
      <Filter>GameObject\Component</Filter>
    </ClInclude>
    <ClInclude Include="ResMgr.h">
      <Filter>Manager</Filter>
    </ClInclude>
    <ClInclude Include="TimeMgr.h">
      <Filter>Manager</Filter>
    </ClInclude>
    <ClInclude Include="PathMgr.h">
      <Filter>Manager</Filter>
    </ClInclude>
    <ClInclude Include="Com_Renderer_ParticleSystem.h">
      <Filter>GameObject\Component\Renderer</Filter>
    </ClInclude>
    <ClInclude Include="IRes.h">
      <Filter>Resource</Filter>
    </ClInclude>
    <ClInclude Include="IRenderer.h">
      <Filter>GameObject\Component\Renderer</Filter>
    </ClInclude>
    <ClInclude Include="ComMgr.h">
      <Filter>Manager</Filter>
    </ClInclude>
    <ClInclude Include="DefaultComInitializer.h">
      <Filter>GameObject\Component</Filter>
    </ClInclude>
    <ClInclude Include="Com_Transform.h">
      <Filter>GameObject\Component\0. Transform</Filter>
    </ClInclude>
    <ClInclude Include="Com_AudioSource.h">
      <Filter>GameObject\Component\Audio</Filter>
    </ClInclude>
    <ClInclude Include="AudioClip.h">
      <Filter>Resource\Audio</Filter>
    </ClInclude>
    <ClInclude Include="CollisionMgr.h" />
    <ClInclude Include="RenderMgr.h">
      <Filter>Manager</Filter>
    </ClInclude>
  </ItemGroup>
  <ItemGroup>
    <None Include="SimpleMath.inl">
      <Filter>Common\Math</Filter>
    </None>
    <None Include="cpp.hint">
      <Filter>Common</Filter>
    </None>
    <None Include="Default_HLSL\SH_ConstBuffer.hlsli">
      <Filter>Default HLSL</Filter>
    </None>
    <None Include="Default_HLSL\SH_Globals.hlsli">
      <Filter>Default HLSL</Filter>
    </None>
    <None Include="Default_HLSL\SH_Particle.hlsli">
      <Filter>Default HLSL</Filter>
    </None>
    <None Include="Default_HLSL\SH_Resource.hlsli">
      <Filter>Default HLSL</Filter>
    </None>
    <None Include="Default_HLSL\SH_Sampler.hlsli">
      <Filter>Default HLSL</Filter>
    </None>
    <None Include="Default_HLSL\SH_Blur.hlsli">
      <Filter>Default HLSL\Func</Filter>
    </None>
    <None Include="Default_HLSL\SH_Light.hlsli">
      <Filter>Default HLSL\Light</Filter>
    </None>
    <None Include="Default_HLSL\SH_Common.hlsli">
      <Filter>Default HLSL</Filter>
    </None>
  </ItemGroup>
  <ItemGroup>
    <FxCompile Include="Default_HLSL\PS_Basic.hlsl">
      <Filter>Default HLSL\Basic</Filter>
    </FxCompile>
    <FxCompile Include="Default_HLSL\VS_Basic.hlsl">
      <Filter>Default HLSL\Basic</Filter>
    </FxCompile>
    <FxCompile Include="Default_HLSL\PS_Debug.hlsl">
      <Filter>Default HLSL\Debug</Filter>
    </FxCompile>
    <FxCompile Include="Default_HLSL\VS_Debug.hlsl">
      <Filter>Default HLSL\Debug</Filter>
    </FxCompile>
    <FxCompile Include="Default_HLSL\PS_Grid.hlsl">
      <Filter>Default HLSL\Grid</Filter>
    </FxCompile>
    <FxCompile Include="Default_HLSL\VS_Grid.hlsl">
      <Filter>Default HLSL\Grid</Filter>
    </FxCompile>
    <FxCompile Include="Default_HLSL\CS_Particle.hlsl">
      <Filter>Default HLSL\Particle</Filter>
    </FxCompile>
    <FxCompile Include="Default_HLSL\GS_Particle.hlsl">
      <Filter>Default HLSL\Particle</Filter>
    </FxCompile>
    <FxCompile Include="Default_HLSL\PS_Particle.hlsl">
      <Filter>Default HLSL\Particle</Filter>
    </FxCompile>
    <FxCompile Include="Default_HLSL\VS_Particle.hlsl">
      <Filter>Default HLSL\Particle</Filter>
    </FxCompile>
    <FxCompile Include="Default_HLSL\VS_PostProcess.hlsl">
      <Filter>Default HLSL\PostProcess</Filter>
    </FxCompile>
    <FxCompile Include="Default_HLSL\PS_PostProcess.hlsl">
      <Filter>Default HLSL\PostProcess</Filter>
    </FxCompile>
    <FxCompile Include="Default_HLSL\VS_Triangle.hlsl">
      <Filter>Default HLSL\Triangle</Filter>
    </FxCompile>
    <FxCompile Include="Default_HLSL\PS_Triangle.hlsl">
      <Filter>Default HLSL\Triangle</Filter>
    </FxCompile>
    <FxCompile Include="Default_HLSL\VS_Sprite.hlsl">
      <Filter>Default HLSL\Sprite</Filter>
    </FxCompile>
    <FxCompile Include="Default_HLSL\PS_Sprite.hlsl">
      <Filter>Default HLSL\Sprite</Filter>
    </FxCompile>
    <FxCompile Include="Default_HLSL\VS_UserInterface.hlsl">
      <Filter>Default HLSL\UserInterface</Filter>
    </FxCompile>
    <FxCompile Include="Default_HLSL\PS_UserInterface.hlsl">
      <Filter>Default HLSL\UserInterface</Filter>
    </FxCompile>
    <FxCompile Include="Default_HLSL\CS_Paint.hlsl">
      <Filter>Default HLSL\ComputeShader</Filter>
    </FxCompile>
  </ItemGroup>
</Project>