<?xml version="1.0" encoding="utf-8"?>
<Project ToolsVersion="4.0" xmlns="http://schemas.microsoft.com/developer/msbuild/2003">
  <ItemGroup>
    <FxCompile Include="_4PS_SB.hlsl" />
  </ItemGroup>
  <ItemGroup>
    <Filter Include="Engine">
      <UniqueIdentifier>{b99e6559-e3ad-4aa6-b9f9-9bb7e94ee756}</UniqueIdentifier>
    </Filter>
  </ItemGroup>
  <ItemGroup>
    <None Include="SH_Blur.hlsli">
      <Filter>Engine</Filter>
    </None>
    <None Include="SH_ConstBuffer.hlsli">
      <Filter>Engine</Filter>
    </None>
    <None Include="SH_Func.hlsli">
      <Filter>Engine</Filter>
    </None>
    <None Include="SH_Globals.hlsli">
      <Filter>Engine</Filter>
    </None>
    <None Include="SH_Light.hlsli">
      <Filter>Engine</Filter>
    </None>
    <None Include="SH_Resource.hlsli">
      <Filter>Engine</Filter>
    </None>
    <None Include="SH_Sampler.hlsli">
      <Filter>Engine</Filter>
    </None>
  </ItemGroup>
</Project>