<?xml version="1.0" encoding="utf-8"?>
<Project ToolsVersion="4.0" xmlns="http://schemas.microsoft.com/developer/msbuild/2003">
  <ItemGroup>
    <Filter Include="Default Headers">
      <UniqueIdentifier>{3cba218a-ac2e-4522-9876-90dcae8fe9ee}</UniqueIdentifier>
    </Filter>
  </ItemGroup>
  <ItemGroup>
    <None Include="SH_Common.hlsli">
      <Filter>Default Headers</Filter>
    </None>
    <None Include="SH_CommonStruct.hlsli">
      <Filter>Default Headers</Filter>
    </None>
    <None Include="SH_ConstBuffer.hlsli">
      <Filter>Default Headers</Filter>
    </None>
    <None Include="SH_Func_Blur.hlsli">
      <Filter>Default Headers</Filter>
    </None>
    <None Include="SH_Func_DecodeColor.hlsli">
      <Filter>Default Headers</Filter>
    </None>
    <None Include="SH_Func_Light.hlsli">
      <Filter>Default Headers</Filter>
    </None>
    <None Include="SH_Functions.hlsli">
      <Filter>Default Headers</Filter>
    </None>
    <None Include="SH_Globals.hlsli">
      <Filter>Default Headers</Filter>
    </None>
    <None Include="SH_Resource.hlsli">
      <Filter>Default Headers</Filter>
    </None>
    <None Include="SH_Sampler.hlsli">
      <Filter>Default Headers</Filter>
    </None>
    <None Include="SH_UserInterFace.hlsli">
      <Filter>Default Headers</Filter>
    </None>
  </ItemGroup>
</Project>