<?xml version="1.0" encoding="utf-8"?>
<Project ToolsVersion="4.0" xmlns="http://schemas.microsoft.com/developer/msbuild/2003">
  <ItemGroup>
    <Filter Include="Default">
      <UniqueIdentifier>{fa432e91-8e0e-4f2b-8464-a17d380febfe}</UniqueIdentifier>
    </Filter>
    <Filter Include="Default\Util">
      <UniqueIdentifier>{6640b74d-b33e-452d-a83a-ede019498d83}</UniqueIdentifier>
    </Filter>
    <Filter Include="JsonCPP">
      <UniqueIdentifier>{8970c20b-0990-4943-9257-98cfe45a878e}</UniqueIdentifier>
    </Filter>
  </ItemGroup>
  <ItemGroup>
    <ClCompile Include="DirTreeNode.cpp" />
    <ClCompile Include="DirTree.cpp" />
    <ClCompile Include="CodeWriter.cpp" />
    <ClCompile Include="define_Util.cpp">
      <Filter>Default\Util</Filter>
    </ClCompile>
    <ClCompile Include="define_CodeGen.cpp">
      <Filter>Default\Util</Filter>
    </ClCompile>
    <ClCompile Include="json-cpp\jsoncpp.cpp">
      <Filter>JsonCPP</Filter>
    </ClCompile>
    <ClCompile Include="main.cpp">
      <Filter>Default</Filter>
    </ClCompile>
    <ClCompile Include="PCH_CodeGenerator.cpp">
      <Filter>Default</Filter>
    </ClCompile>
  </ItemGroup>
  <ItemGroup>
    <ClInclude Include="DirTreeNode.h" />
    <ClInclude Include="DirTree.h" />
    <ClInclude Include="CodeWriter.h" />
    <ClInclude Include="define_Util.h">
      <Filter>Default\Util</Filter>
    </ClInclude>
    <ClInclude Include="define_CodeGen.h">
      <Filter>Default\Util</Filter>
    </ClInclude>
    <ClInclude Include="json-cpp\json.h">
      <Filter>JsonCPP</Filter>
    </ClInclude>
    <ClInclude Include="json-cpp\json-forwards.h">
      <Filter>JsonCPP</Filter>
    </ClInclude>
    <ClInclude Include="PCH_CodeGenerator.h">
      <Filter>Default</Filter>
    </ClInclude>
  </ItemGroup>
</Project>